{
  "version": 4,
  "terraform_version": "1.7.1",
  "serial": 57,
  "lineage": "66d5d3d0-0ffc-71ac-7c99-261526c257e5",
  "outputs": {
    "ecs_cluster_example_name": {
      "value": "example",
      "type": "string"
    },
    "ecs_service_example1_name": {
      "value": "example1",
      "type": "string"
    },
    "ecs_service_example2_name": {
      "value": "example2",
      "type": "string"
    }
  },
  "resources": [
    {
      "mode": "data",
      "type": "aws_iam_policy",
      "name": "ecs_task_execution_role_policy",
      "provider": "provider[\"registry.terraform.io/hashicorp/aws\"]",
      "instances": [
        {
          "schema_version": 0,
          "attributes": {
            "arn": "arn:aws:iam::aws:policy/service-role/AmazonECSTaskExecutionRolePolicy",
            "description": "Provides access to other AWS service resources that are required to run Amazon ECS tasks",
            "id": "arn:aws:iam::aws:policy/service-role/AmazonECSTaskExecutionRolePolicy",
            "name": "AmazonECSTaskExecutionRolePolicy",
            "path": "/service-role/",
            "path_prefix": null,
            "policy": "{\n  \"Version\": \"2012-10-17\",\n  \"Statement\": [\n    {\n      \"Effect\": \"Allow\",\n      \"Action\": [\n        \"ecr:GetAuthorizationToken\",\n        \"ecr:BatchCheckLayerAvailability\",\n        \"ecr:GetDownloadUrlForLayer\",\n        \"ecr:BatchGetImage\",\n        \"logs:CreateLogStream\",\n        \"logs:PutLogEvents\"\n      ],\n      \"Resource\": \"*\"\n    }\n  ]\n}",
            "policy_id": "ANPAJG4T4G4PV56DE72PY",
            "tags": {}
          },
          "sensitive_attributes": []
        }
      ]
    },
    {
      "mode": "data",
      "type": "aws_iam_policy_document",
      "name": "ecs_task",
      "provider": "provider[\"registry.terraform.io/hashicorp/aws\"]",
      "instances": [
        {
          "schema_version": 0,
          "attributes": {
            "id": "309905960",
            "json": "{\n  \"Version\": \"2012-10-17\",\n  \"Statement\": [\n    {\n      \"Effect\": \"Allow\",\n      \"Action\": [\n        \"xray:*\",\n        \"ec2:Describe*\",\n        \"ec2:CreateTags\",\n        \"autoscaling:Describe*\",\n        \"appmesh:*\"\n      ],\n      \"Resource\": \"*\"\n    }\n  ]\n}",
            "override_policy_documents": null,
            "policy_id": null,
            "source_policy_documents": null,
            "statement": [
              {
                "actions": [
                  "appmesh:*",
                  "autoscaling:Describe*",
                  "ec2:CreateTags",
                  "ec2:Describe*",
                  "xray:*"
                ],
                "condition": [],
                "effect": "Allow",
                "not_actions": [],
                "not_principals": [],
                "not_resources": [],
                "principals": [],
                "resources": [
                  "*"
                ],
                "sid": ""
              }
            ],
            "version": "2012-10-17"
          },
          "sensitive_attributes": []
        }
      ]
    },
    {
      "mode": "data",
      "type": "aws_iam_policy_document",
      "name": "ecs_task_execution",
      "provider": "provider[\"registry.terraform.io/hashicorp/aws\"]",
      "instances": [
        {
          "schema_version": 0,
          "attributes": {
            "id": "3826361853",
            "json": "{\n  \"Version\": \"2012-10-17\",\n  \"Statement\": [\n    {\n      \"Effect\": \"Allow\",\n      \"Action\": [\n        \"xray:*\",\n        \"ssm:GetParameters\",\n        \"secretsmanager:GetSecretValue\",\n        \"logs:CreateLogStream\",\n        \"kms:Decrypt\",\n        \"ecr:UploadLayerPart\",\n        \"ecr:PutImage\",\n        \"ecr:InitiateLayerUpload\",\n        \"ecr:GetDownloadUrlForLayer\",\n        \"ecr:GetAuthorizationToken\",\n        \"ecr:CompleteLayerUpload\",\n        \"ecr:BatchGetImage\",\n        \"ecr:BatchCheckLayerAvailability\",\n        \"cloudwatch:*\"\n      ],\n      \"Resource\": \"*\"\n    }\n  ]\n}",
            "override_policy_documents": null,
            "policy_id": null,
            "source_policy_documents": null,
            "statement": [
              {
                "actions": [
                  "cloudwatch:*",
                  "ecr:BatchCheckLayerAvailability",
                  "ecr:BatchGetImage",
                  "ecr:CompleteLayerUpload",
                  "ecr:GetAuthorizationToken",
                  "ecr:GetDownloadUrlForLayer",
                  "ecr:InitiateLayerUpload",
                  "ecr:PutImage",
                  "ecr:UploadLayerPart",
                  "kms:Decrypt",
                  "logs:CreateLogStream",
                  "secretsmanager:GetSecretValue",
                  "ssm:GetParameters",
                  "xray:*"
                ],
                "condition": [],
                "effect": "Allow",
                "not_actions": [],
                "not_principals": [],
                "not_resources": [],
                "principals": [],
                "resources": [
                  "*"
                ],
                "sid": ""
              }
            ],
            "version": "2012-10-17"
          },
          "sensitive_attributes": []
        }
      ]
    },
    {
      "mode": "data",
      "type": "template_file",
      "name": "container_definition_example1",
      "provider": "provider[\"registry.terraform.io/hashicorp/template\"]",
      "instances": [
        {
          "schema_version": 0,
          "attributes": {
            "filename": null,
            "id": "244d51cb666a440f14193637d82083cede75f11b75fc3d9f86c367c6ca093818",
            "rendered": "[\n  {\n    \"name\": \"web\",\n    \"image\": \"public.ecr.aws/nginx/nginx:stable-perl\",\n    \"essential\": true,\n    \"portMappings\": [\n      {\n        \"protocol\": \"tcp\",\n        \"containerPort\": 80\n      }\n    ],\n    \"logConfiguration\": {\n      \"logDriver\": \"awslogs\",\n      \"options\": {\n        \"awslogs-group\": \"/ecs/example\",\n        \"awslogs-region\": \"ap-northeast-1\",\n        \"awslogs-stream-prefix\": \"app\"\n      }\n    },\n    \"dependsOn\": [\n      {\n        \"containerName\": \"envoy\",\n        \"condition\": \"HEALTHY\"\n      }\n    ]    \n  },\n  {\n    \"name\": \"envoy\",\n    \"image\": \"840364872350.dkr.ecr.ap-northeast-1.amazonaws.com/aws-appmesh-envoy:v1.19.1.0-prod\",\n    \"user\": \"1337\",\n    \"essential\": true,\n    \"ulimits\": [\n      {\n        \"name\": \"nofile\",\n        \"hardLimit\": 15000,\n        \"softLimit\": 15000\n      }\n    ],\n    \"portMappings\": [\n      {\n        \"containerPort\": 9901,\n        \"hostPort\": 9901,\n        \"protocol\": \"tcp\"\n      },\n      {\n        \"containerPort\": 15000,\n        \"hostPort\": 15000,\n        \"protocol\": \"tcp\"\n      },\n      {\n        \"containerPort\": 15001,\n        \"hostPort\": 15001,\n        \"protocol\": \"tcp\"\n      }\n    ],\n    \"environment\": [\n      {\n        \"name\": \"APPMESH_VIRTUAL_NODE_NAME\",\n        \"value\": \"mesh/example/virtualNode/example1\"\n      },\n      {\n        \"name\": \"ENVOY_LOG_LEVEL\",\n        \"value\": \"info\"\n      },\n      {\n        \"name\": \"APPMESH_XDS_ENDPOINT\",\n        \"value\": \"\"\n      },\n      {\n        \"name\": \"ENABLE_ENVOY_XRAY_TRACING\",\n        \"value\": \"1\"\n      },\n      {\n        \"name\": \"ENABLE_ENVOY_STATS_TAGS\",\n        \"value\": \"1\"\n      }\n    ],\n    \"logConfiguration\": {\n      \"logDriver\": \"awslogs\",\n      \"options\": {\n        \"awslogs-group\": \"/ecs/example\",\n        \"awslogs-region\": \"ap-northeast-1\",\n        \"awslogs-stream-prefix\": \"envoy\"\n      }\n    },\n    \"healthCheck\": {\n      \"command\": [\n        \"CMD-SHELL\",\n        \"curl -s http://localhost:9901/server_info | grep state | grep -q LIVE\"\n      ],\n      \"interval\" : 5,\n      \"retries\" : 3,\n      \"startPeriod\" : 10,\n      \"timeout\" : 2\n    }\n  },\n  {\n    \"name\": \"xray-daemon\",\n    \"image\": \"public.ecr.aws/xray/aws-xray-daemon:3.x\",\n    \"user\": \"1337\",\n    \"essential\": true,\n    \"portMappings\": [\n      {\n        \"hostPort\": 2000,\n        \"containerPort\": 2000,\n        \"protocol\": \"udp\"\n      }\n    ],\n    \"logConfiguration\": {\n      \"logDriver\": \"awslogs\",\n      \"options\": {\n        \"awslogs-group\": \"/ecs/example\",\n        \"awslogs-region\": \"ap-northeast-1\",\n        \"awslogs-stream-prefix\": \"xray\"\n      }\n    }\n  } \n]\n",
            "template": "[\n  {\n    \"name\": \"web\",\n    \"image\": \"${nginx_image}\",\n    \"essential\": true,\n    \"portMappings\": [\n      {\n        \"protocol\": \"tcp\",\n        \"containerPort\": 80\n      }\n    ],\n    \"logConfiguration\": {\n      \"logDriver\": \"awslogs\",\n      \"options\": {\n        \"awslogs-group\": \"/ecs/example\",\n        \"awslogs-region\": \"ap-northeast-1\",\n        \"awslogs-stream-prefix\": \"app\"\n      }\n    },\n    \"dependsOn\": [\n      {\n        \"containerName\": \"envoy\",\n        \"condition\": \"HEALTHY\"\n      }\n    ]    \n  },\n  {\n    \"name\": \"envoy\",\n    \"image\": \"840364872350.dkr.ecr.ap-northeast-1.amazonaws.com/aws-appmesh-envoy:v1.19.1.0-prod\",\n    \"user\": \"1337\",\n    \"essential\": true,\n    \"ulimits\": [\n      {\n        \"name\": \"nofile\",\n        \"hardLimit\": 15000,\n        \"softLimit\": 15000\n      }\n    ],\n    \"portMappings\": [\n      {\n        \"containerPort\": 9901,\n        \"hostPort\": 9901,\n        \"protocol\": \"tcp\"\n      },\n      {\n        \"containerPort\": 15000,\n        \"hostPort\": 15000,\n        \"protocol\": \"tcp\"\n      },\n      {\n        \"containerPort\": 15001,\n        \"hostPort\": 15001,\n        \"protocol\": \"tcp\"\n      }\n    ],\n    \"environment\": [\n      {\n        \"name\": \"APPMESH_VIRTUAL_NODE_NAME\",\n        \"value\": \"${appmesh_virtual_node_name}\"\n      },\n      {\n        \"name\": \"ENVOY_LOG_LEVEL\",\n        \"value\": \"info\"\n      },\n      {\n        \"name\": \"APPMESH_XDS_ENDPOINT\",\n        \"value\": \"\"\n      },\n      {\n        \"name\": \"ENABLE_ENVOY_XRAY_TRACING\",\n        \"value\": \"1\"\n      },\n      {\n        \"name\": \"ENABLE_ENVOY_STATS_TAGS\",\n        \"value\": \"1\"\n      }\n    ],\n    \"logConfiguration\": {\n      \"logDriver\": \"awslogs\",\n      \"options\": {\n        \"awslogs-group\": \"/ecs/example\",\n        \"awslogs-region\": \"ap-northeast-1\",\n        \"awslogs-stream-prefix\": \"envoy\"\n      }\n    },\n    \"healthCheck\": {\n      \"command\": [\n        \"CMD-SHELL\",\n        \"curl -s http://localhost:9901/server_info | grep state | grep -q LIVE\"\n      ],\n      \"interval\" : 5,\n      \"retries\" : 3,\n      \"startPeriod\" : 10,\n      \"timeout\" : 2\n    }\n  },\n  {\n    \"name\": \"xray-daemon\",\n    \"image\": \"public.ecr.aws/xray/aws-xray-daemon:3.x\",\n    \"user\": \"1337\",\n    \"essential\": true,\n    \"portMappings\": [\n      {\n        \"hostPort\": 2000,\n        \"containerPort\": 2000,\n        \"protocol\": \"udp\"\n      }\n    ],\n    \"logConfiguration\": {\n      \"logDriver\": \"awslogs\",\n      \"options\": {\n        \"awslogs-group\": \"/ecs/example\",\n        \"awslogs-region\": \"ap-northeast-1\",\n        \"awslogs-stream-prefix\": \"xray\"\n      }\n    }\n  } \n]\n",
            "vars": {
              "appmesh_virtual_node_name": "mesh/example/virtualNode/example1",
              "nginx_image": "public.ecr.aws/nginx/nginx:stable-perl"
            }
          },
          "sensitive_attributes": []
        }
      ]
    },
    {
      "mode": "data",
      "type": "template_file",
      "name": "container_definition_example2",
      "provider": "provider[\"registry.terraform.io/hashicorp/template\"]",
      "instances": [
        {
          "schema_version": 0,
          "attributes": {
            "filename": null,
            "id": "cf9f883f43c432ee0446ae52b49c0e01f8e793a888c7426589a0f34e42080408",
            "rendered": "[\n  {\n    \"name\": \"web\",\n    \"image\": \"public.ecr.aws/nginx/nginx:stable-perl\",\n    \"essential\": true,\n    \"portMappings\": [\n      {\n        \"protocol\": \"tcp\",\n        \"containerPort\": 80\n      }\n    ],\n    \"logConfiguration\": {\n      \"logDriver\": \"awslogs\",\n      \"options\": {\n        \"awslogs-group\": \"/ecs/example\",\n        \"awslogs-region\": \"ap-northeast-1\",\n        \"awslogs-stream-prefix\": \"app\"\n      }\n    },\n    \"dependsOn\": [\n      {\n        \"containerName\": \"envoy\",\n        \"condition\": \"HEALTHY\"\n      }\n    ]    \n  },\n  {\n    \"name\": \"envoy\",\n    \"image\": \"840364872350.dkr.ecr.ap-northeast-1.amazonaws.com/aws-appmesh-envoy:v1.19.1.0-prod\",\n    \"user\": \"1337\",\n    \"essential\": true,\n    \"ulimits\": [\n      {\n        \"name\": \"nofile\",\n        \"hardLimit\": 15000,\n        \"softLimit\": 15000\n      }\n    ],\n    \"portMappings\": [\n      {\n        \"containerPort\": 9901,\n        \"hostPort\": 9901,\n        \"protocol\": \"tcp\"\n      },\n      {\n        \"containerPort\": 15000,\n        \"hostPort\": 15000,\n        \"protocol\": \"tcp\"\n      },\n      {\n        \"containerPort\": 15001,\n        \"hostPort\": 15001,\n        \"protocol\": \"tcp\"\n      }\n    ],\n    \"environment\": [\n      {\n        \"name\": \"APPMESH_VIRTUAL_NODE_NAME\",\n        \"value\": \"mesh/example/virtualNode/example2\"\n      },\n      {\n        \"name\": \"ENVOY_LOG_LEVEL\",\n        \"value\": \"info\"\n      },\n      {\n        \"name\": \"APPMESH_XDS_ENDPOINT\",\n        \"value\": \"\"\n      },\n      {\n        \"name\": \"ENABLE_ENVOY_XRAY_TRACING\",\n        \"value\": \"1\"\n      },\n      {\n        \"name\": \"ENABLE_ENVOY_STATS_TAGS\",\n        \"value\": \"1\"\n      }\n    ],\n    \"logConfiguration\": {\n      \"logDriver\": \"awslogs\",\n      \"options\": {\n        \"awslogs-group\": \"/ecs/example\",\n        \"awslogs-region\": \"ap-northeast-1\",\n        \"awslogs-stream-prefix\": \"envoy\"\n      }\n    },\n    \"healthCheck\": {\n      \"command\": [\n        \"CMD-SHELL\",\n        \"curl -s http://localhost:9901/server_info | grep state | grep -q LIVE\"\n      ],\n      \"interval\" : 5,\n      \"retries\" : 3,\n      \"startPeriod\" : 10,\n      \"timeout\" : 2\n    }\n  },\n  {\n    \"name\": \"xray-daemon\",\n    \"image\": \"public.ecr.aws/xray/aws-xray-daemon:3.x\",\n    \"user\": \"1337\",\n    \"essential\": true,\n    \"portMappings\": [\n      {\n        \"hostPort\": 2000,\n        \"containerPort\": 2000,\n        \"protocol\": \"udp\"\n      }\n    ],\n    \"logConfiguration\": {\n      \"logDriver\": \"awslogs\",\n      \"options\": {\n        \"awslogs-group\": \"/ecs/example\",\n        \"awslogs-region\": \"ap-northeast-1\",\n        \"awslogs-stream-prefix\": \"xray\"\n      }\n    }\n  } \n]\n",
            "template": "[\n  {\n    \"name\": \"web\",\n    \"image\": \"${nginx_image}\",\n    \"essential\": true,\n    \"portMappings\": [\n      {\n        \"protocol\": \"tcp\",\n        \"containerPort\": 80\n      }\n    ],\n    \"logConfiguration\": {\n      \"logDriver\": \"awslogs\",\n      \"options\": {\n        \"awslogs-group\": \"/ecs/example\",\n        \"awslogs-region\": \"ap-northeast-1\",\n        \"awslogs-stream-prefix\": \"app\"\n      }\n    },\n    \"dependsOn\": [\n      {\n        \"containerName\": \"envoy\",\n        \"condition\": \"HEALTHY\"\n      }\n    ]    \n  },\n  {\n    \"name\": \"envoy\",\n    \"image\": \"840364872350.dkr.ecr.ap-northeast-1.amazonaws.com/aws-appmesh-envoy:v1.19.1.0-prod\",\n    \"user\": \"1337\",\n    \"essential\": true,\n    \"ulimits\": [\n      {\n        \"name\": \"nofile\",\n        \"hardLimit\": 15000,\n        \"softLimit\": 15000\n      }\n    ],\n    \"portMappings\": [\n      {\n        \"containerPort\": 9901,\n        \"hostPort\": 9901,\n        \"protocol\": \"tcp\"\n      },\n      {\n        \"containerPort\": 15000,\n        \"hostPort\": 15000,\n        \"protocol\": \"tcp\"\n      },\n      {\n        \"containerPort\": 15001,\n        \"hostPort\": 15001,\n        \"protocol\": \"tcp\"\n      }\n    ],\n    \"environment\": [\n      {\n        \"name\": \"APPMESH_VIRTUAL_NODE_NAME\",\n        \"value\": \"${appmesh_virtual_node_name}\"\n      },\n      {\n        \"name\": \"ENVOY_LOG_LEVEL\",\n        \"value\": \"info\"\n      },\n      {\n        \"name\": \"APPMESH_XDS_ENDPOINT\",\n        \"value\": \"\"\n      },\n      {\n        \"name\": \"ENABLE_ENVOY_XRAY_TRACING\",\n        \"value\": \"1\"\n      },\n      {\n        \"name\": \"ENABLE_ENVOY_STATS_TAGS\",\n        \"value\": \"1\"\n      }\n    ],\n    \"logConfiguration\": {\n      \"logDriver\": \"awslogs\",\n      \"options\": {\n        \"awslogs-group\": \"/ecs/example\",\n        \"awslogs-region\": \"ap-northeast-1\",\n        \"awslogs-stream-prefix\": \"envoy\"\n      }\n    },\n    \"healthCheck\": {\n      \"command\": [\n        \"CMD-SHELL\",\n        \"curl -s http://localhost:9901/server_info | grep state | grep -q LIVE\"\n      ],\n      \"interval\" : 5,\n      \"retries\" : 3,\n      \"startPeriod\" : 10,\n      \"timeout\" : 2\n    }\n  },\n  {\n    \"name\": \"xray-daemon\",\n    \"image\": \"public.ecr.aws/xray/aws-xray-daemon:3.x\",\n    \"user\": \"1337\",\n    \"essential\": true,\n    \"portMappings\": [\n      {\n        \"hostPort\": 2000,\n        \"containerPort\": 2000,\n        \"protocol\": \"udp\"\n      }\n    ],\n    \"logConfiguration\": {\n      \"logDriver\": \"awslogs\",\n      \"options\": {\n        \"awslogs-group\": \"/ecs/example\",\n        \"awslogs-region\": \"ap-northeast-1\",\n        \"awslogs-stream-prefix\": \"xray\"\n      }\n    }\n  } \n]\n",
            "vars": {
              "appmesh_virtual_node_name": "mesh/example/virtualNode/example2",
              "nginx_image": "public.ecr.aws/nginx/nginx:stable-perl"
            }
          },
          "sensitive_attributes": []
        }
      ]
    },
    {
      "mode": "data",
      "type": "template_file",
      "name": "container_definition_examplegw",
      "provider": "provider[\"registry.terraform.io/hashicorp/template\"]",
      "instances": [
        {
          "schema_version": 0,
          "attributes": {
            "filename": null,
            "id": "23ea67f8fc717e7090e2b0127da1b2fb22b4619ff1e574ecf0099e9c8a1ff43f",
            "rendered": "[\n  {\n    \"name\": \"envoy\",\n    \"image\": \"840364872350.dkr.ecr.ap-northeast-1.amazonaws.com/aws-appmesh-envoy:v1.19.1.0-prod\",\n    \"essential\": true,\n    \"ulimits\": [\n      {\n        \"name\": \"nofile\",\n        \"hardLimit\": 15000,\n        \"softLimit\": 15000\n      }\n    ],\n    \"portMappings\": [\n      {\n        \"containerPort\": 9901,\n        \"hostPort\": 9901,\n        \"protocol\": \"tcp\"\n      },\n      {\n        \"containerPort\": 9080,\n        \"hostPort\": 9080,\n        \"protocol\": \"tcp\"\n      }\n    ],\n    \"environment\": [\n      {\n        \"name\": \"APPMESH_VIRTUAL_NODE_NAME\",\n        \"value\": \"mesh/example/virtualGateway/example\"\n      },\n      {\n        \"name\": \"ENVOY_LOG_LEVEL\",\n        \"value\": \"info\"\n      },\n      {\n        \"name\": \"ENABLE_ENVOY_XRAY_TRACING\",\n        \"value\": \"1\"\n      },\n      {\n        \"name\": \"ENABLE_ENVOY_STATS_TAGS\",\n        \"value\": \"1\"\n      }\n    ],\n    \"logConfiguration\": {\n      \"logDriver\": \"awslogs\",\n      \"options\": {\n        \"awslogs-group\": \"/ecs/example\",\n        \"awslogs-region\": \"ap-northeast-1\",\n        \"awslogs-stream-prefix\": \"envoygw\"\n      }\n    },\n    \"healthCheck\": {\n      \"command\": [\n        \"CMD-SHELL\",\n        \"curl -s http://localhost:9901/server_info | grep state | grep -q LIVE\"\n      ],\n      \"interval\" : 5,\n      \"retries\" : 3,\n      \"startPeriod\" : 10,\n      \"timeout\" : 2\n    }\n  },\n  {\n    \"name\": \"xray-daemon\",\n    \"image\": \"public.ecr.aws/xray/aws-xray-daemon:3.x\",\n    \"user\": \"1337\",\n    \"essential\": true,\n    \"portMappings\": [\n      {\n        \"hostPort\": 2000,\n        \"containerPort\": 2000,\n        \"protocol\": \"udp\"\n      }\n    ],\n    \"logConfiguration\": {\n      \"logDriver\": \"awslogs\",\n      \"options\": {\n        \"awslogs-group\": \"/ecs/example\",\n        \"awslogs-region\": \"ap-northeast-1\",\n        \"awslogs-stream-prefix\": \"xraygw\"\n      }\n    }\n  }\n]\n",
            "template": "[\n  {\n    \"name\": \"envoy\",\n    \"image\": \"840364872350.dkr.ecr.ap-northeast-1.amazonaws.com/aws-appmesh-envoy:v1.19.1.0-prod\",\n    \"essential\": true,\n    \"ulimits\": [\n      {\n        \"name\": \"nofile\",\n        \"hardLimit\": 15000,\n        \"softLimit\": 15000\n      }\n    ],\n    \"portMappings\": [\n      {\n        \"containerPort\": 9901,\n        \"hostPort\": 9901,\n        \"protocol\": \"tcp\"\n      },\n      {\n        \"containerPort\": 9080,\n        \"hostPort\": 9080,\n        \"protocol\": \"tcp\"\n      }\n    ],\n    \"environment\": [\n      {\n        \"name\": \"APPMESH_VIRTUAL_NODE_NAME\",\n        \"value\": \"${appmesh_virtual_node_name}\"\n      },\n      {\n        \"name\": \"ENVOY_LOG_LEVEL\",\n        \"value\": \"info\"\n      },\n      {\n        \"name\": \"ENABLE_ENVOY_XRAY_TRACING\",\n        \"value\": \"1\"\n      },\n      {\n        \"name\": \"ENABLE_ENVOY_STATS_TAGS\",\n        \"value\": \"1\"\n      }\n    ],\n    \"logConfiguration\": {\n      \"logDriver\": \"awslogs\",\n      \"options\": {\n        \"awslogs-group\": \"/ecs/example\",\n        \"awslogs-region\": \"ap-northeast-1\",\n        \"awslogs-stream-prefix\": \"envoygw\"\n      }\n    },\n    \"healthCheck\": {\n      \"command\": [\n        \"CMD-SHELL\",\n        \"curl -s http://localhost:9901/server_info | grep state | grep -q LIVE\"\n      ],\n      \"interval\" : 5,\n      \"retries\" : 3,\n      \"startPeriod\" : 10,\n      \"timeout\" : 2\n    }\n  },\n  {\n    \"name\": \"xray-daemon\",\n    \"image\": \"public.ecr.aws/xray/aws-xray-daemon:3.x\",\n    \"user\": \"1337\",\n    \"essential\": true,\n    \"portMappings\": [\n      {\n        \"hostPort\": 2000,\n        \"containerPort\": 2000,\n        \"protocol\": \"udp\"\n      }\n    ],\n    \"logConfiguration\": {\n      \"logDriver\": \"awslogs\",\n      \"options\": {\n        \"awslogs-group\": \"/ecs/example\",\n        \"awslogs-region\": \"ap-northeast-1\",\n        \"awslogs-stream-prefix\": \"xraygw\"\n      }\n    }\n  }\n]\n",
            "vars": {
              "appmesh_virtual_node_name": "mesh/example/virtualGateway/example"
            }
          },
          "sensitive_attributes": []
        }
      ]
    },
    {
      "mode": "managed",
      "type": "aws_appmesh_gateway_route",
      "name": "example",
      "provider": "provider[\"registry.terraform.io/hashicorp/aws\"]",
      "instances": [
        {
          "schema_version": 0,
          "attributes": {
            "arn": "arn:aws:appmesh:ap-northeast-1:381492111475:mesh/example/virtualGateway/example/gatewayRoute/example",
            "created_date": "2024-01-30T07:50:27Z",
            "id": "968bef8f-cc95-4d11-824b-604ac984f16c",
            "last_updated_date": "2024-01-30T07:50:27Z",
            "mesh_name": "example",
            "mesh_owner": "381492111475",
            "name": "example",
            "resource_owner": "381492111475",
            "spec": [
              {
                "grpc_route": [],
                "http2_route": [],
                "http_route": [
                  {
                    "action": [
                      {
                        "rewrite": [],
                        "target": [
                          {
                            "port": 0,
                            "virtual_service": [
                              {
                                "virtual_service_name": "exmaple"
                              }
                            ]
                          }
                        ]
                      }
                    ],
                    "match": [
                      {
                        "header": [],
                        "hostname": [],
                        "path": [],
                        "port": 0,
                        "prefix": "/",
                        "query_parameter": []
                      }
                    ]
                  }
                ],
                "priority": 0
              }
            ],
            "tags": null,
            "tags_all": {},
            "virtual_gateway_name": "example"
          },
          "sensitive_attributes": [],
          "private": "bnVsbA==",
          "dependencies": [
            "aws_appmesh_mesh.example",
            "aws_appmesh_virtual_gateway.example",
            "aws_appmesh_virtual_router.example",
            "aws_appmesh_virtual_service.example"
          ]
        }
      ]
    },
    {
      "mode": "managed",
      "type": "aws_appmesh_mesh",
      "name": "example",
      "provider": "provider[\"registry.terraform.io/hashicorp/aws\"]",
      "instances": [
        {
          "schema_version": 0,
          "attributes": {
            "arn": "arn:aws:appmesh:ap-northeast-1:381492111475:mesh/example",
            "created_date": "2024-01-30T07:50:25Z",
            "id": "example",
            "last_updated_date": "2024-01-30T07:50:25Z",
            "mesh_owner": "381492111475",
            "name": "example",
            "resource_owner": "381492111475",
            "spec": [
              {
                "egress_filter": null
              }
            ],
            "tags": null,
            "tags_all": {}
          },
          "sensitive_attributes": [],
          "private": "bnVsbA=="
        }
      ]
    },
    {
      "mode": "managed",
      "type": "aws_appmesh_route",
      "name": "example",
      "provider": "provider[\"registry.terraform.io/hashicorp/aws\"]",
      "instances": [
        {
          "schema_version": 0,
          "attributes": {
            "arn": "arn:aws:appmesh:ap-northeast-1:381492111475:mesh/example/virtualRouter/example/route/example",
            "created_date": "2024-01-30T07:51:23Z",
            "id": "75085bf7-8585-4050-a33a-8b4acc9c915d",
            "last_updated_date": "2024-01-30T07:51:23Z",
            "mesh_name": "example",
            "mesh_owner": "381492111475",
            "name": "example",
            "resource_owner": "381492111475",
            "spec": [
              {
                "grpc_route": [],
                "http2_route": [],
                "http_route": [
                  {
                    "action": [
                      {
                        "weighted_target": [
                          {
                            "port": null,
                            "virtual_node": "example1",
                            "weight": 95
                          },
                          {
                            "port": null,
                            "virtual_node": "example2",
                            "weight": 5
                          }
                        ]
                      }
                    ],
                    "match": [
                      {
                        "header": [],
                        "method": "",
                        "path": [],
                        "port": 0,
                        "prefix": "/",
                        "query_parameter": [],
                        "scheme": ""
                      }
                    ],
                    "retry_policy": [],
                    "timeout": []
                  }
                ],
                "priority": 0,
                "tcp_route": []
              }
            ],
            "tags": null,
            "tags_all": {},
            "virtual_router_name": "example"
          },
          "sensitive_attributes": [],
          "private": "bnVsbA==",
          "dependencies": [
            "aws_appmesh_mesh.example",
            "aws_appmesh_virtual_node.example1",
            "aws_appmesh_virtual_node.example2",
            "aws_appmesh_virtual_router.example",
            "aws_service_discovery_private_dns_namespace.example",
            "module.vpc.aws_vpc.this"
          ]
        }
      ]
    },
    {
      "mode": "managed",
      "type": "aws_appmesh_virtual_gateway",
      "name": "example",
      "provider": "provider[\"registry.terraform.io/hashicorp/aws\"]",
      "instances": [
        {
          "schema_version": 0,
          "attributes": {
            "arn": "arn:aws:appmesh:ap-northeast-1:381492111475:mesh/example/virtualGateway/example",
            "created_date": "2024-01-30T07:50:26Z",
            "id": "a3dc0ae9-2efa-451c-9977-4a85fbe32af6",
            "last_updated_date": "2024-01-30T07:50:26Z",
            "mesh_name": "example",
            "mesh_owner": "381492111475",
            "name": "example",
            "resource_owner": "381492111475",
            "spec": [
              {
                "backend_defaults": [],
                "listener": [
                  {
                    "connection_pool": [],
                    "health_check": [],
                    "port_mapping": [
                      {
                        "port": 9080,
                        "protocol": "http"
                      }
                    ],
                    "tls": []
                  }
                ],
                "logging": []
              }
            ],
            "tags": null,
            "tags_all": {}
          },
          "sensitive_attributes": [],
          "private": "bnVsbA==",
          "dependencies": [
            "aws_appmesh_mesh.example"
          ]
        }
      ]
    },
    {
      "mode": "managed",
      "type": "aws_appmesh_virtual_node",
      "name": "example1",
      "provider": "provider[\"registry.terraform.io/hashicorp/aws\"]",
      "instances": [
        {
          "schema_version": 1,
          "attributes": {
            "arn": "arn:aws:appmesh:ap-northeast-1:381492111475:mesh/example/virtualNode/example1",
            "created_date": "2024-01-30T07:51:23Z",
            "id": "2255f237-b663-45eb-8eb4-3d71750f7e64",
            "last_updated_date": "2024-01-30T07:51:23Z",
            "mesh_name": "example",
            "mesh_owner": "381492111475",
            "name": "example1",
            "resource_owner": "381492111475",
            "spec": [
              {
                "backend": [],
                "backend_defaults": [],
                "listener": [
                  {
                    "connection_pool": [],
                    "health_check": [
                      {
                        "healthy_threshold": 2,
                        "interval_millis": 5000,
                        "path": "/",
                        "port": 80,
                        "protocol": "http",
                        "timeout_millis": 2000,
                        "unhealthy_threshold": 2
                      }
                    ],
                    "outlier_detection": [],
                    "port_mapping": [
                      {
                        "port": 80,
                        "protocol": "http"
                      }
                    ],
                    "timeout": [],
                    "tls": []
                  }
                ],
                "logging": [
                  {
                    "access_log": [
                      {
                        "file": [
                          {
                            "format": [],
                            "path": "/dev/stdout"
                          }
                        ]
                      }
                    ]
                  }
                ],
                "service_discovery": [
                  {
                    "aws_cloud_map": [
                      {
                        "attributes": null,
                        "namespace_name": "example.internal",
                        "service_name": "example1"
                      }
                    ],
                    "dns": []
                  }
                ]
              }
            ],
            "tags": null,
            "tags_all": {}
          },
          "sensitive_attributes": [],
          "private": "eyJzY2hlbWFfdmVyc2lvbiI6IjEifQ==",
          "dependencies": [
            "aws_appmesh_mesh.example",
            "aws_service_discovery_private_dns_namespace.example",
            "module.vpc.aws_vpc.this"
          ]
        }
      ]
    },
    {
      "mode": "managed",
      "type": "aws_appmesh_virtual_node",
      "name": "example2",
      "provider": "provider[\"registry.terraform.io/hashicorp/aws\"]",
      "instances": [
        {
          "schema_version": 1,
          "attributes": {
            "arn": "arn:aws:appmesh:ap-northeast-1:381492111475:mesh/example/virtualNode/example2",
            "created_date": "2024-01-30T07:51:23Z",
            "id": "eb0e841f-20f5-4915-a9aa-e504cb782794",
            "last_updated_date": "2024-01-30T07:51:23Z",
            "mesh_name": "example",
            "mesh_owner": "381492111475",
            "name": "example2",
            "resource_owner": "381492111475",
            "spec": [
              {
                "backend": [],
                "backend_defaults": [],
                "listener": [
                  {
                    "connection_pool": [],
                    "health_check": [
                      {
                        "healthy_threshold": 2,
                        "interval_millis": 5000,
                        "path": "/",
                        "port": 80,
                        "protocol": "http",
                        "timeout_millis": 2000,
                        "unhealthy_threshold": 2
                      }
                    ],
                    "outlier_detection": [],
                    "port_mapping": [
                      {
                        "port": 80,
                        "protocol": "http"
                      }
                    ],
                    "timeout": [],
                    "tls": []
                  }
                ],
                "logging": [
                  {
                    "access_log": [
                      {
                        "file": [
                          {
                            "format": [],
                            "path": "/dev/stdout"
                          }
                        ]
                      }
                    ]
                  }
                ],
                "service_discovery": [
                  {
                    "aws_cloud_map": [
                      {
                        "attributes": null,
                        "namespace_name": "example.internal",
                        "service_name": "example2"
                      }
                    ],
                    "dns": []
                  }
                ]
              }
            ],
            "tags": null,
            "tags_all": {}
          },
          "sensitive_attributes": [],
          "private": "eyJzY2hlbWFfdmVyc2lvbiI6IjEifQ==",
          "dependencies": [
            "aws_appmesh_mesh.example",
            "aws_service_discovery_private_dns_namespace.example",
            "module.vpc.aws_vpc.this"
          ]
        }
      ]
    },
    {
      "mode": "managed",
      "type": "aws_appmesh_virtual_router",
      "name": "example",
      "provider": "provider[\"registry.terraform.io/hashicorp/aws\"]",
      "instances": [
        {
          "schema_version": 1,
          "attributes": {
            "arn": "arn:aws:appmesh:ap-northeast-1:381492111475:mesh/example/virtualRouter/example",
            "created_date": "2024-01-30T07:50:26Z",
            "id": "8b5e85c4-55bf-4792-a588-aa9bbe95f552",
            "last_updated_date": "2024-01-30T07:50:26Z",
            "mesh_name": "example",
            "mesh_owner": "381492111475",
            "name": "example",
            "resource_owner": "381492111475",
            "spec": [
              {
                "listener": [
                  {
                    "port_mapping": [
                      {
                        "port": 80,
                        "protocol": "http"
                      }
                    ]
                  }
                ]
              }
            ],
            "tags": null,
            "tags_all": {}
          },
          "sensitive_attributes": [],
          "private": "eyJzY2hlbWFfdmVyc2lvbiI6IjEifQ==",
          "dependencies": [
            "aws_appmesh_mesh.example"
          ]
        }
      ]
    },
    {
      "mode": "managed",
      "type": "aws_appmesh_virtual_service",
      "name": "example",
      "provider": "provider[\"registry.terraform.io/hashicorp/aws\"]",
      "instances": [
        {
          "schema_version": 0,
          "attributes": {
            "arn": "arn:aws:appmesh:ap-northeast-1:381492111475:mesh/example/virtualService/exmaple",
            "created_date": "2024-01-30T07:50:26Z",
            "id": "01d8021b-e3ae-4d81-8656-1b0a4e9fcb5a",
            "last_updated_date": "2024-01-30T07:50:26Z",
            "mesh_name": "example",
            "mesh_owner": "381492111475",
            "name": "exmaple",
            "resource_owner": "381492111475",
            "spec": [
              {
                "provider": [
                  {
                    "virtual_node": [],
                    "virtual_router": [
                      {
                        "virtual_router_name": "example"
                      }
                    ]
                  }
                ]
              }
            ],
            "tags": null,
            "tags_all": {}
          },
          "sensitive_attributes": [],
          "private": "bnVsbA==",
          "dependencies": [
            "aws_appmesh_mesh.example",
            "aws_appmesh_virtual_router.example"
          ]
        }
      ]
    },
    {
      "mode": "managed",
      "type": "aws_cloudwatch_log_group",
      "name": "example",
      "provider": "provider[\"registry.terraform.io/hashicorp/aws\"]",
      "instances": [
        {
          "schema_version": 0,
          "attributes": {
            "arn": "arn:aws:logs:ap-northeast-1:381492111475:log-group:/ecs/example",
            "id": "/ecs/example",
            "kms_key_id": "",
            "log_group_class": "STANDARD",
            "name": "/ecs/example",
            "name_prefix": "",
            "retention_in_days": 60,
            "skip_destroy": false,
            "tags": null,
            "tags_all": {}
          },
          "sensitive_attributes": [],
          "private": "bnVsbA=="
        }
      ]
    },
    {
      "mode": "managed",
      "type": "aws_ecs_cluster",
      "name": "example",
      "provider": "provider[\"registry.terraform.io/hashicorp/aws\"]",
      "instances": [
        {
          "schema_version": 0,
          "attributes": {
            "arn": "arn:aws:ecs:ap-northeast-1:381492111475:cluster/example",
            "configuration": [],
            "id": "arn:aws:ecs:ap-northeast-1:381492111475:cluster/example",
            "name": "example",
            "service_connect_defaults": [],
            "setting": [
              {
                "name": "containerInsights",
                "value": "disabled"
              }
            ],
            "tags": null,
            "tags_all": {}
          },
          "sensitive_attributes": [],
          "private": "bnVsbA=="
        }
      ]
    },
    {
      "mode": "managed",
      "type": "aws_ecs_service",
      "name": "example1",
      "provider": "provider[\"registry.terraform.io/hashicorp/aws\"]",
      "instances": [
        {
          "schema_version": 0,
          "attributes": {
            "alarms": [],
            "capacity_provider_strategy": [],
            "cluster": "arn:aws:ecs:ap-northeast-1:381492111475:cluster/example",
            "deployment_circuit_breaker": [
              {
                "enable": false,
                "rollback": false
              }
            ],
            "deployment_controller": [
              {
                "type": "ECS"
              }
            ],
            "deployment_maximum_percent": 200,
            "deployment_minimum_healthy_percent": 100,
            "desired_count": 1,
            "enable_ecs_managed_tags": false,
            "enable_execute_command": false,
            "force_new_deployment": null,
            "health_check_grace_period_seconds": 0,
            "iam_role": "/aws-service-role/ecs.amazonaws.com/AWSServiceRoleForECS",
            "id": "arn:aws:ecs:ap-northeast-1:381492111475:service/example/example1",
            "launch_type": "FARGATE",
            "load_balancer": [],
            "name": "example1",
            "network_configuration": [
              {
                "assign_public_ip": false,
                "security_groups": [
                  "sg-0542affa0b3a16cc0"
                ],
                "subnets": [
                  "subnet-010929fc30cbb9eb0",
                  "subnet-0b61d693257551b7c"
                ]
              }
            ],
            "ordered_placement_strategy": [],
            "placement_constraints": [],
            "platform_version": "1.4.0",
            "propagate_tags": "NONE",
            "scheduling_strategy": "REPLICA",
            "service_connect_configuration": [],
            "service_registries": [
              {
                "container_name": "",
                "container_port": 0,
                "port": 0,
                "registry_arn": "arn:aws:servicediscovery:ap-northeast-1:381492111475:service/srv-arowir5oucg5zw3j"
              }
            ],
            "tags": null,
            "tags_all": {},
            "task_definition": "arn:aws:ecs:ap-northeast-1:381492111475:task-definition/example1:1",
            "timeouts": null,
            "triggers": {},
            "wait_for_steady_state": false
          },
          "sensitive_attributes": [],
          "private": "eyJlMmJmYjczMC1lY2FhLTExZTYtOGY4OC0zNDM2M2JjN2M0YzAiOnsiY3JlYXRlIjoxMjAwMDAwMDAwMDAwLCJkZWxldGUiOjEyMDAwMDAwMDAwMDAsInVwZGF0ZSI6MTIwMDAwMDAwMDAwMH19",
          "dependencies": [
            "aws_appmesh_mesh.example",
            "aws_appmesh_virtual_node.example1",
            "aws_ecs_cluster.example",
            "aws_ecs_task_definition.example1",
            "aws_security_group.nginx",
            "aws_service_discovery_private_dns_namespace.example",
            "aws_service_discovery_service.example1",
            "data.template_file.container_definition_example1",
            "module.ecs_task_execution_role.aws_iam_role.default",
            "module.ecs_task_execution_role.data.aws_iam_policy_document.assume_role",
            "module.ecs_task_role.aws_iam_role.default",
            "module.ecs_task_role.data.aws_iam_policy_document.assume_role",
            "module.vpc.aws_subnet.private",
            "module.vpc.aws_vpc.this",
            "module.vpc.aws_vpc_ipv4_cidr_block_association.this"
          ]
        }
      ]
    },
    {
      "mode": "managed",
      "type": "aws_ecs_service",
      "name": "example2",
      "provider": "provider[\"registry.terraform.io/hashicorp/aws\"]",
      "instances": [
        {
          "schema_version": 0,
          "attributes": {
            "alarms": [],
            "capacity_provider_strategy": [],
            "cluster": "arn:aws:ecs:ap-northeast-1:381492111475:cluster/example",
            "deployment_circuit_breaker": [
              {
                "enable": false,
                "rollback": false
              }
            ],
            "deployment_controller": [
              {
                "type": "ECS"
              }
            ],
            "deployment_maximum_percent": 200,
            "deployment_minimum_healthy_percent": 100,
            "desired_count": 1,
            "enable_ecs_managed_tags": false,
            "enable_execute_command": false,
            "force_new_deployment": null,
            "health_check_grace_period_seconds": 0,
            "iam_role": "/aws-service-role/ecs.amazonaws.com/AWSServiceRoleForECS",
            "id": "arn:aws:ecs:ap-northeast-1:381492111475:service/example/example2",
            "launch_type": "FARGATE",
            "load_balancer": [],
            "name": "example2",
            "network_configuration": [
              {
                "assign_public_ip": false,
                "security_groups": [
                  "sg-0542affa0b3a16cc0"
                ],
                "subnets": [
                  "subnet-010929fc30cbb9eb0",
                  "subnet-0b61d693257551b7c"
                ]
              }
            ],
            "ordered_placement_strategy": [],
            "placement_constraints": [],
            "platform_version": "1.4.0",
            "propagate_tags": "NONE",
            "scheduling_strategy": "REPLICA",
            "service_connect_configuration": [],
            "service_registries": [
              {
                "container_name": "",
                "container_port": 0,
                "port": 0,
                "registry_arn": "arn:aws:servicediscovery:ap-northeast-1:381492111475:service/srv-disr2x6ehkp5uquj"
              }
            ],
            "tags": null,
            "tags_all": {},
            "task_definition": "arn:aws:ecs:ap-northeast-1:381492111475:task-definition/example2:1",
            "timeouts": null,
            "triggers": {},
            "wait_for_steady_state": false
          },
          "sensitive_attributes": [],
          "private": "eyJlMmJmYjczMC1lY2FhLTExZTYtOGY4OC0zNDM2M2JjN2M0YzAiOnsiY3JlYXRlIjoxMjAwMDAwMDAwMDAwLCJkZWxldGUiOjEyMDAwMDAwMDAwMDAsInVwZGF0ZSI6MTIwMDAwMDAwMDAwMH19",
          "dependencies": [
            "aws_appmesh_mesh.example",
            "aws_appmesh_virtual_node.example2",
            "aws_ecs_cluster.example",
            "aws_ecs_task_definition.example2",
            "aws_security_group.nginx",
            "aws_service_discovery_private_dns_namespace.example",
            "aws_service_discovery_service.example2",
            "data.template_file.container_definition_example2",
            "module.ecs_task_execution_role.aws_iam_role.default",
            "module.ecs_task_execution_role.data.aws_iam_policy_document.assume_role",
            "module.ecs_task_role.aws_iam_role.default",
            "module.ecs_task_role.data.aws_iam_policy_document.assume_role",
            "module.vpc.aws_subnet.private",
            "module.vpc.aws_vpc.this",
            "module.vpc.aws_vpc_ipv4_cidr_block_association.this"
          ]
        }
      ]
    },
    {
      "mode": "managed",
      "type": "aws_ecs_service",
      "name": "examplegw",
      "provider": "provider[\"registry.terraform.io/hashicorp/aws\"]",
      "instances": [
        {
          "schema_version": 0,
          "attributes": {
            "alarms": [],
            "capacity_provider_strategy": [],
            "cluster": "arn:aws:ecs:ap-northeast-1:381492111475:cluster/example",
            "deployment_circuit_breaker": [
              {
                "enable": false,
                "rollback": false
              }
            ],
            "deployment_controller": [
              {
                "type": "ECS"
              }
            ],
            "deployment_maximum_percent": 200,
            "deployment_minimum_healthy_percent": 100,
            "desired_count": 1,
            "enable_ecs_managed_tags": false,
            "enable_execute_command": false,
            "force_new_deployment": null,
            "health_check_grace_period_seconds": 60,
            "iam_role": "/aws-service-role/ecs.amazonaws.com/AWSServiceRoleForECS",
            "id": "arn:aws:ecs:ap-northeast-1:381492111475:service/example/examplegw",
            "launch_type": "FARGATE",
            "load_balancer": [
              {
                "container_name": "envoy",
                "container_port": 9080,
                "elb_name": "",
                "target_group_arn": "arn:aws:elasticloadbalancing:ap-northeast-1:381492111475:targetgroup/example/2c3a59910449b83b"
              }
            ],
            "name": "examplegw",
            "network_configuration": [
              {
                "assign_public_ip": false,
                "security_groups": [
                  "sg-0542affa0b3a16cc0"
                ],
                "subnets": [
                  "subnet-010929fc30cbb9eb0",
                  "subnet-0b61d693257551b7c"
                ]
              }
            ],
            "ordered_placement_strategy": [],
            "placement_constraints": [],
            "platform_version": "1.4.0",
            "propagate_tags": "NONE",
            "scheduling_strategy": "REPLICA",
            "service_connect_configuration": [],
            "service_registries": [
              {
                "container_name": "",
                "container_port": 0,
                "port": 0,
                "registry_arn": "arn:aws:servicediscovery:ap-northeast-1:381492111475:service/srv-kkm7hzpn5mpcp46t"
              }
            ],
            "tags": null,
            "tags_all": {},
            "task_definition": "arn:aws:ecs:ap-northeast-1:381492111475:task-definition/examplegw:1",
            "timeouts": null,
            "triggers": {},
            "wait_for_steady_state": false
          },
          "sensitive_attributes": [],
          "private": "eyJlMmJmYjczMC1lY2FhLTExZTYtOGY4OC0zNDM2M2JjN2M0YzAiOnsiY3JlYXRlIjoxMjAwMDAwMDAwMDAwLCJkZWxldGUiOjEyMDAwMDAwMDAwMDAsInVwZGF0ZSI6MTIwMDAwMDAwMDAwMH19",
          "dependencies": [
            "aws_appmesh_mesh.example",
            "aws_appmesh_virtual_gateway.example",
            "aws_ecs_cluster.example",
            "aws_ecs_task_definition.examplegw",
            "aws_lb.example",
            "aws_lb_target_group.example",
            "aws_security_group.nginx",
            "aws_service_discovery_private_dns_namespace.example",
            "aws_service_discovery_service.examplegw",
            "data.template_file.container_definition_examplegw",
            "module.ecs_task_execution_role.aws_iam_role.default",
            "module.ecs_task_execution_role.data.aws_iam_policy_document.assume_role",
            "module.ecs_task_role.aws_iam_role.default",
            "module.ecs_task_role.data.aws_iam_policy_document.assume_role",
            "module.vpc.aws_subnet.private",
            "module.vpc.aws_subnet.public",
            "module.vpc.aws_vpc.this",
            "module.vpc.aws_vpc_ipv4_cidr_block_association.this"
          ]
        }
      ]
    },
    {
      "mode": "managed",
      "type": "aws_ecs_task_definition",
      "name": "example1",
      "provider": "provider[\"registry.terraform.io/hashicorp/aws\"]",
      "instances": [
        {
          "schema_version": 1,
          "attributes": {
            "arn": "arn:aws:ecs:ap-northeast-1:381492111475:task-definition/example1:1",
            "arn_without_revision": "arn:aws:ecs:ap-northeast-1:381492111475:task-definition/example1",
            "container_definitions": "[{\"cpu\":0,\"dependsOn\":[{\"condition\":\"HEALTHY\",\"containerName\":\"envoy\"}],\"environment\":[],\"essential\":true,\"image\":\"public.ecr.aws/nginx/nginx:stable-perl\",\"logConfiguration\":{\"logDriver\":\"awslogs\",\"options\":{\"awslogs-group\":\"/ecs/example\",\"awslogs-region\":\"ap-northeast-1\",\"awslogs-stream-prefix\":\"app\"}},\"mountPoints\":[],\"name\":\"web\",\"portMappings\":[{\"containerPort\":80,\"hostPort\":80,\"protocol\":\"tcp\"}],\"volumesFrom\":[]},{\"cpu\":0,\"environment\":[{\"name\":\"APPMESH_VIRTUAL_NODE_NAME\",\"value\":\"mesh/example/virtualNode/example1\"},{\"name\":\"APPMESH_XDS_ENDPOINT\",\"value\":\"\"},{\"name\":\"ENABLE_ENVOY_STATS_TAGS\",\"value\":\"1\"},{\"name\":\"ENABLE_ENVOY_XRAY_TRACING\",\"value\":\"1\"},{\"name\":\"ENVOY_LOG_LEVEL\",\"value\":\"info\"}],\"essential\":true,\"healthCheck\":{\"command\":[\"CMD-SHELL\",\"curl -s http://localhost:9901/server_info | grep state | grep -q LIVE\"],\"interval\":5,\"retries\":3,\"startPeriod\":10,\"timeout\":2},\"image\":\"840364872350.dkr.ecr.ap-northeast-1.amazonaws.com/aws-appmesh-envoy:v1.19.1.0-prod\",\"logConfiguration\":{\"logDriver\":\"awslogs\",\"options\":{\"awslogs-group\":\"/ecs/example\",\"awslogs-region\":\"ap-northeast-1\",\"awslogs-stream-prefix\":\"envoy\"}},\"mountPoints\":[],\"name\":\"envoy\",\"portMappings\":[{\"containerPort\":9901,\"hostPort\":9901,\"protocol\":\"tcp\"},{\"containerPort\":15000,\"hostPort\":15000,\"protocol\":\"tcp\"},{\"containerPort\":15001,\"hostPort\":15001,\"protocol\":\"tcp\"}],\"ulimits\":[{\"hardLimit\":15000,\"name\":\"nofile\",\"softLimit\":15000}],\"user\":\"1337\",\"volumesFrom\":[]},{\"cpu\":0,\"environment\":[],\"essential\":true,\"image\":\"public.ecr.aws/xray/aws-xray-daemon:3.x\",\"logConfiguration\":{\"logDriver\":\"awslogs\",\"options\":{\"awslogs-group\":\"/ecs/example\",\"awslogs-region\":\"ap-northeast-1\",\"awslogs-stream-prefix\":\"xray\"}},\"mountPoints\":[],\"name\":\"xray-daemon\",\"portMappings\":[{\"containerPort\":2000,\"hostPort\":2000,\"protocol\":\"udp\"}],\"user\":\"1337\",\"volumesFrom\":[]}]",
            "cpu": "8192",
            "ephemeral_storage": [],
            "execution_role_arn": "arn:aws:iam::381492111475:role/cstaskexecution",
            "family": "example1",
            "id": "example1",
            "inference_accelerator": [],
            "ipc_mode": "",
            "memory": "16384",
            "network_mode": "awsvpc",
            "pid_mode": "",
            "placement_constraints": [],
            "proxy_configuration": [
              {
                "container_name": "envoy",
                "properties": {
                  "AppPorts": "80",
                  "EgressIgnoredIPs": "169.254.170.2,169.254.169.254",
                  "IgnoredUID": "1337",
                  "ProxyEgressPort": "15001",
                  "ProxyIngressPort": "15000"
                },
                "type": "APPMESH"
              }
            ],
            "requires_compatibilities": [
              "FARGATE"
            ],
            "revision": 1,
            "runtime_platform": [],
            "skip_destroy": false,
            "tags": null,
            "tags_all": {},
            "task_role_arn": "arn:aws:iam::381492111475:role/ecstask",
            "volume": []
          },
          "sensitive_attributes": [],
          "private": "eyJzY2hlbWFfdmVyc2lvbiI6IjEifQ==",
          "dependencies": [
            "aws_appmesh_mesh.example",
            "aws_appmesh_virtual_node.example1",
            "aws_service_discovery_private_dns_namespace.example",
            "data.template_file.container_definition_example1",
            "module.ecs_task_execution_role.aws_iam_role.default",
            "module.ecs_task_execution_role.data.aws_iam_policy_document.assume_role",
            "module.ecs_task_role.aws_iam_role.default",
            "module.ecs_task_role.data.aws_iam_policy_document.assume_role",
            "module.vpc.aws_vpc.this"
          ]
        }
      ]
    },
    {
      "mode": "managed",
      "type": "aws_ecs_task_definition",
      "name": "example2",
      "provider": "provider[\"registry.terraform.io/hashicorp/aws\"]",
      "instances": [
        {
          "schema_version": 1,
          "attributes": {
            "arn": "arn:aws:ecs:ap-northeast-1:381492111475:task-definition/example2:1",
            "arn_without_revision": "arn:aws:ecs:ap-northeast-1:381492111475:task-definition/example2",
            "container_definitions": "[{\"cpu\":0,\"dependsOn\":[{\"condition\":\"HEALTHY\",\"containerName\":\"envoy\"}],\"environment\":[],\"essential\":true,\"image\":\"public.ecr.aws/nginx/nginx:stable-perl\",\"logConfiguration\":{\"logDriver\":\"awslogs\",\"options\":{\"awslogs-group\":\"/ecs/example\",\"awslogs-region\":\"ap-northeast-1\",\"awslogs-stream-prefix\":\"app\"}},\"mountPoints\":[],\"name\":\"web\",\"portMappings\":[{\"containerPort\":80,\"hostPort\":80,\"protocol\":\"tcp\"}],\"volumesFrom\":[]},{\"cpu\":0,\"environment\":[{\"name\":\"APPMESH_VIRTUAL_NODE_NAME\",\"value\":\"mesh/example/virtualNode/example2\"},{\"name\":\"APPMESH_XDS_ENDPOINT\",\"value\":\"\"},{\"name\":\"ENABLE_ENVOY_STATS_TAGS\",\"value\":\"1\"},{\"name\":\"ENABLE_ENVOY_XRAY_TRACING\",\"value\":\"1\"},{\"name\":\"ENVOY_LOG_LEVEL\",\"value\":\"info\"}],\"essential\":true,\"healthCheck\":{\"command\":[\"CMD-SHELL\",\"curl -s http://localhost:9901/server_info | grep state | grep -q LIVE\"],\"interval\":5,\"retries\":3,\"startPeriod\":10,\"timeout\":2},\"image\":\"840364872350.dkr.ecr.ap-northeast-1.amazonaws.com/aws-appmesh-envoy:v1.19.1.0-prod\",\"logConfiguration\":{\"logDriver\":\"awslogs\",\"options\":{\"awslogs-group\":\"/ecs/example\",\"awslogs-region\":\"ap-northeast-1\",\"awslogs-stream-prefix\":\"envoy\"}},\"mountPoints\":[],\"name\":\"envoy\",\"portMappings\":[{\"containerPort\":9901,\"hostPort\":9901,\"protocol\":\"tcp\"},{\"containerPort\":15000,\"hostPort\":15000,\"protocol\":\"tcp\"},{\"containerPort\":15001,\"hostPort\":15001,\"protocol\":\"tcp\"}],\"ulimits\":[{\"hardLimit\":15000,\"name\":\"nofile\",\"softLimit\":15000}],\"user\":\"1337\",\"volumesFrom\":[]},{\"cpu\":0,\"environment\":[],\"essential\":true,\"image\":\"public.ecr.aws/xray/aws-xray-daemon:3.x\",\"logConfiguration\":{\"logDriver\":\"awslogs\",\"options\":{\"awslogs-group\":\"/ecs/example\",\"awslogs-region\":\"ap-northeast-1\",\"awslogs-stream-prefix\":\"xray\"}},\"mountPoints\":[],\"name\":\"xray-daemon\",\"portMappings\":[{\"containerPort\":2000,\"hostPort\":2000,\"protocol\":\"udp\"}],\"user\":\"1337\",\"volumesFrom\":[]}]",
            "cpu": "8192",
            "ephemeral_storage": [],
            "execution_role_arn": "arn:aws:iam::381492111475:role/cstaskexecution",
            "family": "example2",
            "id": "example2",
            "inference_accelerator": [],
            "ipc_mode": "",
            "memory": "16384",
            "network_mode": "awsvpc",
            "pid_mode": "",
            "placement_constraints": [],
            "proxy_configuration": [
              {
                "container_name": "envoy",
                "properties": {
                  "AppPorts": "80",
                  "EgressIgnoredIPs": "169.254.170.2,169.254.169.254",
                  "IgnoredUID": "1337",
                  "ProxyEgressPort": "15001",
                  "ProxyIngressPort": "15000"
                },
                "type": "APPMESH"
              }
            ],
            "requires_compatibilities": [
              "FARGATE"
            ],
            "revision": 1,
            "runtime_platform": [],
            "skip_destroy": false,
            "tags": null,
            "tags_all": {},
            "task_role_arn": "arn:aws:iam::381492111475:role/ecstask",
            "volume": []
          },
          "sensitive_attributes": [],
          "private": "eyJzY2hlbWFfdmVyc2lvbiI6IjEifQ==",
          "dependencies": [
            "aws_appmesh_mesh.example",
            "aws_appmesh_virtual_node.example2",
            "aws_service_discovery_private_dns_namespace.example",
            "data.template_file.container_definition_example2",
            "module.ecs_task_execution_role.aws_iam_role.default",
            "module.ecs_task_execution_role.data.aws_iam_policy_document.assume_role",
            "module.ecs_task_role.aws_iam_role.default",
            "module.ecs_task_role.data.aws_iam_policy_document.assume_role",
            "module.vpc.aws_vpc.this"
          ]
        }
      ]
    },
    {
      "mode": "managed",
      "type": "aws_ecs_task_definition",
      "name": "examplegw",
      "provider": "provider[\"registry.terraform.io/hashicorp/aws\"]",
      "instances": [
        {
          "schema_version": 1,
          "attributes": {
            "arn": "arn:aws:ecs:ap-northeast-1:381492111475:task-definition/examplegw:1",
            "arn_without_revision": "arn:aws:ecs:ap-northeast-1:381492111475:task-definition/examplegw",
            "container_definitions": "[{\"cpu\":0,\"environment\":[{\"name\":\"APPMESH_VIRTUAL_NODE_NAME\",\"value\":\"mesh/example/virtualGateway/example\"},{\"name\":\"ENABLE_ENVOY_STATS_TAGS\",\"value\":\"1\"},{\"name\":\"ENABLE_ENVOY_XRAY_TRACING\",\"value\":\"1\"},{\"name\":\"ENVOY_LOG_LEVEL\",\"value\":\"info\"}],\"essential\":true,\"healthCheck\":{\"command\":[\"CMD-SHELL\",\"curl -s http://localhost:9901/server_info | grep state | grep -q LIVE\"],\"interval\":5,\"retries\":3,\"startPeriod\":10,\"timeout\":2},\"image\":\"840364872350.dkr.ecr.ap-northeast-1.amazonaws.com/aws-appmesh-envoy:v1.19.1.0-prod\",\"logConfiguration\":{\"logDriver\":\"awslogs\",\"options\":{\"awslogs-group\":\"/ecs/example\",\"awslogs-region\":\"ap-northeast-1\",\"awslogs-stream-prefix\":\"envoygw\"}},\"mountPoints\":[],\"name\":\"envoy\",\"portMappings\":[{\"containerPort\":9901,\"hostPort\":9901,\"protocol\":\"tcp\"},{\"containerPort\":9080,\"hostPort\":9080,\"protocol\":\"tcp\"}],\"ulimits\":[{\"hardLimit\":15000,\"name\":\"nofile\",\"softLimit\":15000}],\"volumesFrom\":[]},{\"cpu\":0,\"environment\":[],\"essential\":true,\"image\":\"public.ecr.aws/xray/aws-xray-daemon:3.x\",\"logConfiguration\":{\"logDriver\":\"awslogs\",\"options\":{\"awslogs-group\":\"/ecs/example\",\"awslogs-region\":\"ap-northeast-1\",\"awslogs-stream-prefix\":\"xraygw\"}},\"mountPoints\":[],\"name\":\"xray-daemon\",\"portMappings\":[{\"containerPort\":2000,\"hostPort\":2000,\"protocol\":\"udp\"}],\"user\":\"1337\",\"volumesFrom\":[]}]",
            "cpu": "8192",
            "ephemeral_storage": [],
            "execution_role_arn": "arn:aws:iam::381492111475:role/cstaskexecution",
            "family": "examplegw",
            "id": "examplegw",
            "inference_accelerator": [],
            "ipc_mode": "",
            "memory": "16384",
            "network_mode": "awsvpc",
            "pid_mode": "",
            "placement_constraints": [],
            "proxy_configuration": [],
            "requires_compatibilities": [
              "FARGATE"
            ],
            "revision": 1,
            "runtime_platform": [],
            "skip_destroy": false,
            "tags": null,
            "tags_all": {},
            "task_role_arn": "arn:aws:iam::381492111475:role/ecstask",
            "volume": []
          },
          "sensitive_attributes": [],
          "private": "eyJzY2hlbWFfdmVyc2lvbiI6IjEifQ==",
          "dependencies": [
            "aws_appmesh_mesh.example",
            "aws_appmesh_virtual_gateway.example",
            "data.template_file.container_definition_examplegw",
            "module.ecs_task_execution_role.aws_iam_role.default",
            "module.ecs_task_execution_role.data.aws_iam_policy_document.assume_role",
            "module.ecs_task_role.aws_iam_role.default",
            "module.ecs_task_role.data.aws_iam_policy_document.assume_role"
          ]
        }
      ]
    },
    {
      "mode": "managed",
      "type": "aws_lb",
      "name": "example",
      "provider": "provider[\"registry.terraform.io/hashicorp/aws\"]",
      "instances": [
        {
          "schema_version": 0,
          "attributes": {
            "access_logs": [
              {
                "bucket": "",
                "enabled": false,
                "prefix": ""
              }
            ],
            "arn": "arn:aws:elasticloadbalancing:ap-northeast-1:381492111475:loadbalancer/net/example/9158c1e2ddb3c562",
            "arn_suffix": "net/example/9158c1e2ddb3c562",
            "connection_logs": [],
            "customer_owned_ipv4_pool": "",
            "desync_mitigation_mode": null,
            "dns_name": "example-9158c1e2ddb3c562.elb.ap-northeast-1.amazonaws.com",
            "dns_record_client_routing_policy": "any_availability_zone",
            "drop_invalid_header_fields": null,
            "enable_cross_zone_load_balancing": false,
            "enable_deletion_protection": false,
            "enable_http2": null,
            "enable_tls_version_and_cipher_suite_headers": null,
            "enable_waf_fail_open": null,
            "enable_xff_client_port": null,
            "enforce_security_group_inbound_rules_on_private_link_traffic": "",
            "id": "arn:aws:elasticloadbalancing:ap-northeast-1:381492111475:loadbalancer/net/example/9158c1e2ddb3c562",
            "idle_timeout": null,
            "internal": false,
            "ip_address_type": "ipv4",
            "load_balancer_type": "network",
            "name": "example",
            "name_prefix": "",
            "preserve_host_header": null,
            "security_groups": [],
            "subnet_mapping": [
              {
                "allocation_id": "",
                "ipv6_address": "",
                "outpost_id": "",
                "private_ipv4_address": "",
                "subnet_id": "subnet-079986f963b0018cc"
              },
              {
                "allocation_id": "",
                "ipv6_address": "",
                "outpost_id": "",
                "private_ipv4_address": "",
                "subnet_id": "subnet-0d782ddc88fa127c5"
              }
            ],
            "subnets": [
              "subnet-079986f963b0018cc",
              "subnet-0d782ddc88fa127c5"
            ],
            "tags": null,
            "tags_all": {},
            "timeouts": null,
            "vpc_id": "vpc-0575af7c272ca3a71",
            "xff_header_processing_mode": null,
            "zone_id": "Z31USIVHYNEOWT"
          },
          "sensitive_attributes": [],
          "private": "eyJlMmJmYjczMC1lY2FhLTExZTYtOGY4OC0zNDM2M2JjN2M0YzAiOnsiY3JlYXRlIjo2MDAwMDAwMDAwMDAsImRlbGV0ZSI6NjAwMDAwMDAwMDAwLCJ1cGRhdGUiOjYwMDAwMDAwMDAwMH19",
          "dependencies": [
            "module.vpc.aws_subnet.public",
            "module.vpc.aws_vpc.this",
            "module.vpc.aws_vpc_ipv4_cidr_block_association.this"
          ]
        }
      ]
    },
    {
      "mode": "managed",
      "type": "aws_lb_listener",
      "name": "http",
      "provider": "provider[\"registry.terraform.io/hashicorp/aws\"]",
      "instances": [
        {
          "schema_version": 0,
          "attributes": {
            "alpn_policy": null,
            "arn": "arn:aws:elasticloadbalancing:ap-northeast-1:381492111475:listener/net/example/9158c1e2ddb3c562/ee386491c4df0a33",
            "certificate_arn": null,
            "default_action": [
              {
                "authenticate_cognito": [],
                "authenticate_oidc": [],
                "fixed_response": [],
                "forward": [],
                "order": 1,
                "redirect": [],
                "target_group_arn": "arn:aws:elasticloadbalancing:ap-northeast-1:381492111475:targetgroup/example/2c3a59910449b83b",
                "type": "forward"
              }
            ],
            "id": "arn:aws:elasticloadbalancing:ap-northeast-1:381492111475:listener/net/example/9158c1e2ddb3c562/ee386491c4df0a33",
            "load_balancer_arn": "arn:aws:elasticloadbalancing:ap-northeast-1:381492111475:loadbalancer/net/example/9158c1e2ddb3c562",
            "mutual_authentication": [],
            "port": 80,
            "protocol": "TCP",
            "ssl_policy": "",
            "tags": null,
            "tags_all": {},
            "timeouts": null
          },
          "sensitive_attributes": [],
          "private": "eyJlMmJmYjczMC1lY2FhLTExZTYtOGY4OC0zNDM2M2JjN2M0YzAiOnsiY3JlYXRlIjozMDAwMDAwMDAwMDAsInVwZGF0ZSI6MzAwMDAwMDAwMDAwfX0=",
          "dependencies": [
            "aws_lb.example",
            "aws_lb_target_group.example",
            "module.vpc.aws_subnet.public",
            "module.vpc.aws_vpc.this",
            "module.vpc.aws_vpc_ipv4_cidr_block_association.this"
          ]
        }
      ]
    },
    {
      "mode": "managed",
      "type": "aws_lb_target_group",
      "name": "example",
      "provider": "provider[\"registry.terraform.io/hashicorp/aws\"]",
      "instances": [
        {
          "schema_version": 0,
          "attributes": {
            "arn": "arn:aws:elasticloadbalancing:ap-northeast-1:381492111475:targetgroup/example/2c3a59910449b83b",
            "arn_suffix": "targetgroup/example/2c3a59910449b83b",
            "connection_termination": false,
            "deregistration_delay": "30",
            "health_check": [
              {
                "enabled": true,
                "healthy_threshold": 5,
                "interval": 30,
                "matcher": "",
                "path": "",
                "port": "9080",
                "protocol": "TCP",
                "timeout": 10,
                "unhealthy_threshold": 5
              }
            ],
            "id": "arn:aws:elasticloadbalancing:ap-northeast-1:381492111475:targetgroup/example/2c3a59910449b83b",
            "ip_address_type": "ipv4",
            "lambda_multi_value_headers_enabled": false,
            "load_balancing_algorithm_type": null,
            "load_balancing_anomaly_mitigation": null,
            "load_balancing_cross_zone_enabled": "use_load_balancer_configuration",
            "name": "example",
            "name_prefix": "",
            "port": 80,
            "preserve_client_ip": "false",
            "protocol": "TCP",
            "protocol_version": null,
            "proxy_protocol_v2": false,
            "slow_start": 0,
            "stickiness": [
              {
                "cookie_duration": 0,
                "cookie_name": "",
                "enabled": false,
                "type": "source_ip"
              }
            ],
            "tags": null,
            "tags_all": {},
            "target_failover": [
              {
                "on_deregistration": null,
                "on_unhealthy": null
              }
            ],
            "target_health_state": [
              {
                "enable_unhealthy_connection_termination": true
              }
            ],
            "target_type": "ip",
            "vpc_id": "vpc-0575af7c272ca3a71"
          },
          "sensitive_attributes": [],
          "private": "bnVsbA==",
          "dependencies": [
            "aws_lb.example",
            "module.vpc.aws_subnet.public",
            "module.vpc.aws_vpc.this",
            "module.vpc.aws_vpc_ipv4_cidr_block_association.this"
          ]
        }
      ]
    },
    {
      "mode": "managed",
      "type": "aws_security_group",
      "name": "nginx",
      "provider": "provider[\"registry.terraform.io/hashicorp/aws\"]",
      "instances": [
        {
          "schema_version": 1,
          "attributes": {
            "arn": "arn:aws:ec2:ap-northeast-1:381492111475:security-group/sg-0542affa0b3a16cc0",
            "description": "nginx security group",
            "egress": [
              {
                "cidr_blocks": [
                  "0.0.0.0/0"
                ],
                "description": "",
                "from_port": 0,
                "ipv6_cidr_blocks": [
                  "::/0"
                ],
                "prefix_list_ids": [],
                "protocol": "-1",
                "security_groups": [],
                "self": false,
                "to_port": 0
              }
            ],
            "id": "sg-0542affa0b3a16cc0",
            "ingress": [
              {
                "cidr_blocks": [
                  "10.30.0.0/16"
                ],
                "description": "all traffic",
                "from_port": 0,
                "ipv6_cidr_blocks": [],
                "prefix_list_ids": [],
                "protocol": "-1",
                "security_groups": [],
                "self": false,
                "to_port": 0
              }
            ],
            "name": "examplenginx-sg",
            "name_prefix": "",
            "owner_id": "381492111475",
            "revoke_rules_on_delete": false,
            "tags": null,
            "tags_all": {},
            "timeouts": null,
            "vpc_id": "vpc-0575af7c272ca3a71"
          },
          "sensitive_attributes": [],
          "private": "eyJlMmJmYjczMC1lY2FhLTExZTYtOGY4OC0zNDM2M2JjN2M0YzAiOnsiY3JlYXRlIjo2MDAwMDAwMDAwMDAsImRlbGV0ZSI6OTAwMDAwMDAwMDAwfSwic2NoZW1hX3ZlcnNpb24iOiIxIn0=",
          "dependencies": [
            "module.vpc.aws_vpc.this"
          ]
        }
      ]
    },
    {
      "mode": "managed",
      "type": "aws_service_discovery_private_dns_namespace",
      "name": "example",
      "provider": "provider[\"registry.terraform.io/hashicorp/aws\"]",
      "instances": [
        {
          "schema_version": 0,
          "attributes": {
            "arn": "arn:aws:servicediscovery:ap-northeast-1:381492111475:namespace/ns-cukflinvnjfrohny",
            "description": "example",
            "hosted_zone": "Z07665933R9PJGR3FHY8L",
            "id": "ns-cukflinvnjfrohny",
            "name": "example.internal",
            "tags": null,
            "tags_all": {},
            "vpc": "vpc-0575af7c272ca3a71"
          },
          "sensitive_attributes": [],
          "private": "bnVsbA==",
          "dependencies": [
            "module.vpc.aws_vpc.this"
          ]
        }
      ]
    },
    {
      "mode": "managed",
      "type": "aws_service_discovery_service",
      "name": "example1",
      "provider": "provider[\"registry.terraform.io/hashicorp/aws\"]",
      "instances": [
        {
          "schema_version": 0,
          "attributes": {
            "arn": "arn:aws:servicediscovery:ap-northeast-1:381492111475:service/srv-arowir5oucg5zw3j",
            "description": "",
            "dns_config": [
              {
                "dns_records": [
                  {
                    "ttl": 10,
                    "type": "A"
                  }
                ],
                "namespace_id": "ns-cukflinvnjfrohny",
                "routing_policy": "MULTIVALUE"
              }
            ],
            "force_destroy": false,
            "health_check_config": [],
            "health_check_custom_config": [
              {
                "failure_threshold": 1
              }
            ],
            "id": "srv-arowir5oucg5zw3j",
            "name": "example1",
            "namespace_id": "ns-cukflinvnjfrohny",
            "tags": null,
            "tags_all": {},
            "type": "DNS_HTTP"
          },
          "sensitive_attributes": [],
          "private": "bnVsbA==",
          "dependencies": [
            "aws_service_discovery_private_dns_namespace.example",
            "module.vpc.aws_vpc.this"
          ]
        }
      ]
    },
    {
      "mode": "managed",
      "type": "aws_service_discovery_service",
      "name": "example2",
      "provider": "provider[\"registry.terraform.io/hashicorp/aws\"]",
      "instances": [
        {
          "schema_version": 0,
          "attributes": {
            "arn": "arn:aws:servicediscovery:ap-northeast-1:381492111475:service/srv-disr2x6ehkp5uquj",
            "description": "",
            "dns_config": [
              {
                "dns_records": [
                  {
                    "ttl": 10,
                    "type": "A"
                  }
                ],
                "namespace_id": "ns-cukflinvnjfrohny",
                "routing_policy": "MULTIVALUE"
              }
            ],
            "force_destroy": false,
            "health_check_config": [],
            "health_check_custom_config": [
              {
                "failure_threshold": 1
              }
            ],
            "id": "srv-disr2x6ehkp5uquj",
            "name": "example2",
            "namespace_id": "ns-cukflinvnjfrohny",
            "tags": null,
            "tags_all": {},
            "type": "DNS_HTTP"
          },
          "sensitive_attributes": [],
          "private": "bnVsbA==",
          "dependencies": [
            "aws_service_discovery_private_dns_namespace.example",
            "module.vpc.aws_vpc.this"
          ]
        }
      ]
    },
    {
      "mode": "managed",
      "type": "aws_service_discovery_service",
      "name": "examplegw",
      "provider": "provider[\"registry.terraform.io/hashicorp/aws\"]",
      "instances": [
        {
          "schema_version": 0,
          "attributes": {
            "arn": "arn:aws:servicediscovery:ap-northeast-1:381492111475:service/srv-kkm7hzpn5mpcp46t",
            "description": "",
            "dns_config": [
              {
                "dns_records": [
                  {
                    "ttl": 10,
                    "type": "A"
                  }
                ],
                "namespace_id": "ns-cukflinvnjfrohny",
                "routing_policy": "MULTIVALUE"
              }
            ],
            "force_destroy": false,
            "health_check_config": [],
            "health_check_custom_config": [
              {
                "failure_threshold": 1
              }
            ],
            "id": "srv-kkm7hzpn5mpcp46t",
            "name": "examplegw",
            "namespace_id": "ns-cukflinvnjfrohny",
            "tags": null,
            "tags_all": {},
            "type": "DNS_HTTP"
          },
          "sensitive_attributes": [],
          "private": "bnVsbA==",
          "dependencies": [
            "aws_service_discovery_private_dns_namespace.example",
            "module.vpc.aws_vpc.this"
          ]
        }
      ]
    },
    {
      "module": "module.ecs_task_execution_role",
      "mode": "data",
      "type": "aws_iam_policy_document",
      "name": "assume_role",
      "provider": "provider[\"registry.terraform.io/hashicorp/aws\"]",
      "instances": [
        {
          "schema_version": 0,
          "attributes": {
            "id": "1077804475",
            "json": "{\n  \"Version\": \"2012-10-17\",\n  \"Statement\": [\n    {\n      \"Effect\": \"Allow\",\n      \"Action\": \"sts:AssumeRole\",\n      \"Principal\": {\n        \"Service\": \"ecs-tasks.amazonaws.com\"\n      }\n    }\n  ]\n}",
            "override_policy_documents": null,
            "policy_id": null,
            "source_policy_documents": null,
            "statement": [
              {
                "actions": [
                  "sts:AssumeRole"
                ],
                "condition": [],
                "effect": "Allow",
                "not_actions": [],
                "not_principals": [],
                "not_resources": [],
                "principals": [
                  {
                    "identifiers": [
                      "ecs-tasks.amazonaws.com"
                    ],
                    "type": "Service"
                  }
                ],
                "resources": [],
                "sid": ""
              }
            ],
            "version": "2012-10-17"
          },
          "sensitive_attributes": []
        }
      ]
    },
    {
      "module": "module.ecs_task_execution_role",
      "mode": "managed",
      "type": "aws_iam_policy",
      "name": "default",
      "provider": "provider[\"registry.terraform.io/hashicorp/aws\"]",
      "instances": [
        {
          "schema_version": 0,
          "attributes": {
            "arn": "arn:aws:iam::381492111475:policy/cstaskexecution",
            "description": "",
            "id": "arn:aws:iam::381492111475:policy/cstaskexecution",
            "name": "cstaskexecution",
            "name_prefix": "",
            "path": "/",
            "policy": "{\"Statement\":[{\"Action\":[\"xray:*\",\"ssm:GetParameters\",\"secretsmanager:GetSecretValue\",\"logs:CreateLogStream\",\"kms:Decrypt\",\"ecr:UploadLayerPart\",\"ecr:PutImage\",\"ecr:InitiateLayerUpload\",\"ecr:GetDownloadUrlForLayer\",\"ecr:GetAuthorizationToken\",\"ecr:CompleteLayerUpload\",\"ecr:BatchGetImage\",\"ecr:BatchCheckLayerAvailability\",\"cloudwatch:*\"],\"Effect\":\"Allow\",\"Resource\":\"*\"}],\"Version\":\"2012-10-17\"}",
            "policy_id": "ANPAVRUVTVBZZCZIRG6DQ",
            "tags": null,
            "tags_all": {}
          },
          "sensitive_attributes": [],
          "private": "bnVsbA==",
          "dependencies": [
            "data.aws_iam_policy_document.ecs_task_execution"
          ]
        }
      ]
    },
    {
      "module": "module.ecs_task_execution_role",
      "mode": "managed",
      "type": "aws_iam_role",
      "name": "default",
      "provider": "provider[\"registry.terraform.io/hashicorp/aws\"]",
      "instances": [
        {
          "schema_version": 0,
          "attributes": {
            "arn": "arn:aws:iam::381492111475:role/cstaskexecution",
            "assume_role_policy": "{\"Statement\":[{\"Action\":\"sts:AssumeRole\",\"Effect\":\"Allow\",\"Principal\":{\"Service\":\"ecs-tasks.amazonaws.com\"}}],\"Version\":\"2012-10-17\"}",
            "create_date": "2024-01-30T07:50:25Z",
            "description": "",
            "force_detach_policies": false,
            "id": "cstaskexecution",
            "inline_policy": [],
            "managed_policy_arns": [],
            "max_session_duration": 3600,
            "name": "cstaskexecution",
            "name_prefix": "",
            "path": "/",
            "permissions_boundary": "",
            "tags": null,
            "tags_all": {},
            "unique_id": "AROAVRUVTVBZYLHX745Z3"
          },
          "sensitive_attributes": [],
          "private": "bnVsbA==",
          "dependencies": [
            "module.ecs_task_execution_role.data.aws_iam_policy_document.assume_role"
          ]
        }
      ]
    },
    {
      "module": "module.ecs_task_execution_role",
      "mode": "managed",
      "type": "aws_iam_role_policy_attachment",
      "name": "default",
      "provider": "provider[\"registry.terraform.io/hashicorp/aws\"]",
      "instances": [
        {
          "schema_version": 0,
          "attributes": {
            "id": "cstaskexecution-20240130075026362900000001",
            "policy_arn": "arn:aws:iam::381492111475:policy/cstaskexecution",
            "role": "cstaskexecution"
          },
          "sensitive_attributes": [],
          "private": "bnVsbA==",
          "dependencies": [
            "data.aws_iam_policy_document.ecs_task_execution",
            "module.ecs_task_execution_role.aws_iam_policy.default",
            "module.ecs_task_execution_role.aws_iam_role.default",
            "module.ecs_task_execution_role.data.aws_iam_policy_document.assume_role"
          ]
        }
      ]
    },
    {
      "module": "module.ecs_task_role",
      "mode": "data",
      "type": "aws_iam_policy_document",
      "name": "assume_role",
      "provider": "provider[\"registry.terraform.io/hashicorp/aws\"]",
      "instances": [
        {
          "schema_version": 0,
          "attributes": {
            "id": "1077804475",
            "json": "{\n  \"Version\": \"2012-10-17\",\n  \"Statement\": [\n    {\n      \"Effect\": \"Allow\",\n      \"Action\": \"sts:AssumeRole\",\n      \"Principal\": {\n        \"Service\": \"ecs-tasks.amazonaws.com\"\n      }\n    }\n  ]\n}",
            "override_policy_documents": null,
            "policy_id": null,
            "source_policy_documents": null,
            "statement": [
              {
                "actions": [
                  "sts:AssumeRole"
                ],
                "condition": [],
                "effect": "Allow",
                "not_actions": [],
                "not_principals": [],
                "not_resources": [],
                "principals": [
                  {
                    "identifiers": [
                      "ecs-tasks.amazonaws.com"
                    ],
                    "type": "Service"
                  }
                ],
                "resources": [],
                "sid": ""
              }
            ],
            "version": "2012-10-17"
          },
          "sensitive_attributes": []
        }
      ]
    },
    {
      "module": "module.ecs_task_role",
      "mode": "managed",
      "type": "aws_iam_policy",
      "name": "default",
      "provider": "provider[\"registry.terraform.io/hashicorp/aws\"]",
      "instances": [
        {
          "schema_version": 0,
          "attributes": {
            "arn": "arn:aws:iam::381492111475:policy/ecstask",
            "description": "",
            "id": "arn:aws:iam::381492111475:policy/ecstask",
            "name": "ecstask",
            "name_prefix": "",
            "path": "/",
            "policy": "{\"Statement\":[{\"Action\":[\"xray:*\",\"ec2:Describe*\",\"ec2:CreateTags\",\"autoscaling:Describe*\",\"appmesh:*\"],\"Effect\":\"Allow\",\"Resource\":\"*\"}],\"Version\":\"2012-10-17\"}",
            "policy_id": "ANPAVRUVTVBZXQZU4LL47",
            "tags": null,
            "tags_all": {}
          },
          "sensitive_attributes": [],
          "private": "bnVsbA==",
          "dependencies": [
            "data.aws_iam_policy_document.ecs_task"
          ]
        }
      ]
    },
    {
      "module": "module.ecs_task_role",
      "mode": "managed",
      "type": "aws_iam_role",
      "name": "default",
      "provider": "provider[\"registry.terraform.io/hashicorp/aws\"]",
      "instances": [
        {
          "schema_version": 0,
          "attributes": {
            "arn": "arn:aws:iam::381492111475:role/ecstask",
            "assume_role_policy": "{\"Statement\":[{\"Action\":\"sts:AssumeRole\",\"Effect\":\"Allow\",\"Principal\":{\"Service\":\"ecs-tasks.amazonaws.com\"}}],\"Version\":\"2012-10-17\"}",
            "create_date": "2024-01-30T07:50:25Z",
            "description": "",
            "force_detach_policies": false,
            "id": "ecstask",
            "inline_policy": [],
            "managed_policy_arns": [],
            "max_session_duration": 3600,
            "name": "ecstask",
            "name_prefix": "",
            "path": "/",
            "permissions_boundary": "",
            "tags": null,
            "tags_all": {},
            "unique_id": "AROAVRUVTVBZYJ53RARF3"
          },
          "sensitive_attributes": [],
          "private": "bnVsbA==",
          "dependencies": [
            "module.ecs_task_role.data.aws_iam_policy_document.assume_role"
          ]
        }
      ]
    },
    {
      "module": "module.ecs_task_role",
      "mode": "managed",
      "type": "aws_iam_role_policy_attachment",
      "name": "default",
      "provider": "provider[\"registry.terraform.io/hashicorp/aws\"]",
      "instances": [
        {
          "schema_version": 0,
          "attributes": {
            "id": "ecstask-20240130075026398200000002",
            "policy_arn": "arn:aws:iam::381492111475:policy/ecstask",
            "role": "ecstask"
          },
          "sensitive_attributes": [],
          "private": "bnVsbA==",
          "dependencies": [
            "data.aws_iam_policy_document.ecs_task",
            "module.ecs_task_role.aws_iam_policy.default",
            "module.ecs_task_role.aws_iam_role.default",
            "module.ecs_task_role.data.aws_iam_policy_document.assume_role"
          ]
        }
      ]
    },
    {
      "module": "module.vpc",
      "mode": "managed",
      "type": "aws_default_network_acl",
      "name": "this",
      "provider": "provider[\"registry.terraform.io/hashicorp/aws\"]",
      "instances": [
        {
          "index_key": 0,
          "schema_version": 0,
          "attributes": {
            "arn": "arn:aws:ec2:ap-northeast-1:381492111475:network-acl/acl-09af0918164b1f20d",
            "default_network_acl_id": "acl-09af0918164b1f20d",
            "egress": [
              {
                "action": "allow",
                "cidr_block": "",
                "from_port": 0,
                "icmp_code": null,
                "icmp_type": null,
                "ipv6_cidr_block": "::/0",
                "protocol": "-1",
                "rule_no": 101,
                "to_port": 0
              },
              {
                "action": "allow",
                "cidr_block": "0.0.0.0/0",
                "from_port": 0,
                "icmp_code": null,
                "icmp_type": null,
                "ipv6_cidr_block": "",
                "protocol": "-1",
                "rule_no": 100,
                "to_port": 0
              }
            ],
            "id": "acl-09af0918164b1f20d",
            "ingress": [
              {
                "action": "allow",
                "cidr_block": "",
                "from_port": 0,
                "icmp_code": null,
                "icmp_type": null,
                "ipv6_cidr_block": "::/0",
                "protocol": "-1",
                "rule_no": 101,
                "to_port": 0
              },
              {
                "action": "allow",
                "cidr_block": "0.0.0.0/0",
                "from_port": 0,
                "icmp_code": null,
                "icmp_type": null,
                "ipv6_cidr_block": "",
                "protocol": "-1",
                "rule_no": 100,
                "to_port": 0
              }
            ],
            "owner_id": "381492111475",
            "subnet_ids": [
              "subnet-010929fc30cbb9eb0",
              "subnet-079986f963b0018cc",
              "subnet-0b61d693257551b7c",
              "subnet-0d782ddc88fa127c5"
            ],
            "tags": {
              "Name": "example-default",
              "Terraform": "true"
            },
            "tags_all": {
              "Name": "example-default",
              "Terraform": "true"
            },
            "vpc_id": "vpc-0575af7c272ca3a71"
          },
          "sensitive_attributes": [],
          "private": "bnVsbA==",
          "dependencies": [
            "module.vpc.aws_vpc.this"
          ]
        }
      ]
    },
    {
      "module": "module.vpc",
      "mode": "managed",
      "type": "aws_default_route_table",
      "name": "default",
      "provider": "provider[\"registry.terraform.io/hashicorp/aws\"]",
      "instances": [
        {
          "index_key": 0,
          "schema_version": 0,
          "attributes": {
            "arn": "arn:aws:ec2:ap-northeast-1:381492111475:route-table/rtb-0cbdaeff6e5aa1be1",
            "default_route_table_id": "rtb-0cbdaeff6e5aa1be1",
            "id": "rtb-0cbdaeff6e5aa1be1",
            "owner_id": "381492111475",
            "propagating_vgws": null,
            "route": [],
            "tags": {
              "Name": "example-default",
              "Terraform": "true"
            },
            "tags_all": {
              "Name": "example-default",
              "Terraform": "true"
            },
            "timeouts": {
              "create": "5m",
              "update": "5m"
            },
            "vpc_id": "vpc-0575af7c272ca3a71"
          },
          "sensitive_attributes": [],
          "private": "eyJlMmJmYjczMC1lY2FhLTExZTYtOGY4OC0zNDM2M2JjN2M0YzAiOnsiY3JlYXRlIjozMDAwMDAwMDAwMDAsInVwZGF0ZSI6MzAwMDAwMDAwMDAwfX0=",
          "dependencies": [
            "module.vpc.aws_vpc.this"
          ]
        }
      ]
    },
    {
      "module": "module.vpc",
      "mode": "managed",
      "type": "aws_default_security_group",
      "name": "this",
      "provider": "provider[\"registry.terraform.io/hashicorp/aws\"]",
      "instances": [
        {
          "index_key": 0,
          "schema_version": 1,
          "attributes": {
            "arn": "arn:aws:ec2:ap-northeast-1:381492111475:security-group/sg-0338e3b3832ab0f07",
            "description": "default VPC security group",
            "egress": [],
            "id": "sg-0338e3b3832ab0f07",
            "ingress": [],
            "name": "default",
            "name_prefix": "",
            "owner_id": "381492111475",
            "revoke_rules_on_delete": false,
            "tags": {
              "Name": "example-default",
              "Terraform": "true"
            },
            "tags_all": {
              "Name": "example-default",
              "Terraform": "true"
            },
            "vpc_id": "vpc-0575af7c272ca3a71"
          },
          "sensitive_attributes": [],
          "private": "eyJzY2hlbWFfdmVyc2lvbiI6IjEifQ==",
          "dependencies": [
            "module.vpc.aws_vpc.this"
          ]
        }
      ]
    },
    {
      "module": "module.vpc",
      "mode": "managed",
      "type": "aws_eip",
      "name": "nat",
      "provider": "provider[\"registry.terraform.io/hashicorp/aws\"]",
      "instances": [
        {
          "index_key": 0,
          "schema_version": 0,
          "attributes": {
            "address": null,
            "allocation_id": "eipalloc-01a604ddc3aca9b73",
            "associate_with_private_ip": null,
            "association_id": "",
            "carrier_ip": "",
            "customer_owned_ip": "",
            "customer_owned_ipv4_pool": "",
            "domain": "vpc",
            "id": "eipalloc-01a604ddc3aca9b73",
            "instance": "",
            "network_border_group": "ap-northeast-1",
            "network_interface": "",
            "private_dns": null,
            "private_ip": "",
            "public_dns": "ec2-18-176-187-26.ap-northeast-1.compute.amazonaws.com",
            "public_ip": "18.176.187.26",
            "public_ipv4_pool": "amazon",
            "tags": {
              "Name": "example-ap-northeast-1a",
              "Terraform": "true"
            },
            "tags_all": {
              "Name": "example-ap-northeast-1a",
              "Terraform": "true"
            },
            "timeouts": null,
            "vpc": true
          },
          "sensitive_attributes": [],
          "private": "eyJlMmJmYjczMC1lY2FhLTExZTYtOGY4OC0zNDM2M2JjN2M0YzAiOnsiZGVsZXRlIjoxODAwMDAwMDAwMDAsInJlYWQiOjkwMDAwMDAwMDAwMCwidXBkYXRlIjozMDAwMDAwMDAwMDB9fQ==",
          "dependencies": [
            "module.vpc.aws_internet_gateway.this",
            "module.vpc.aws_vpc.this",
            "module.vpc.aws_vpc_ipv4_cidr_block_association.this"
          ]
        },
        {
          "index_key": 1,
          "schema_version": 0,
          "attributes": {
            "address": null,
            "allocation_id": "eipalloc-0cc13e61b0a1a9162",
            "associate_with_private_ip": null,
            "association_id": "",
            "carrier_ip": "",
            "customer_owned_ip": "",
            "customer_owned_ipv4_pool": "",
            "domain": "vpc",
            "id": "eipalloc-0cc13e61b0a1a9162",
            "instance": "",
            "network_border_group": "ap-northeast-1",
            "network_interface": "",
            "private_dns": null,
            "private_ip": "",
            "public_dns": "ec2-57-181-16-124.ap-northeast-1.compute.amazonaws.com",
            "public_ip": "57.181.16.124",
            "public_ipv4_pool": "amazon",
            "tags": {
              "Name": "example-ap-northeast-1c",
              "Terraform": "true"
            },
            "tags_all": {
              "Name": "example-ap-northeast-1c",
              "Terraform": "true"
            },
            "timeouts": null,
            "vpc": true
          },
          "sensitive_attributes": [],
          "private": "eyJlMmJmYjczMC1lY2FhLTExZTYtOGY4OC0zNDM2M2JjN2M0YzAiOnsiZGVsZXRlIjoxODAwMDAwMDAwMDAsInJlYWQiOjkwMDAwMDAwMDAwMCwidXBkYXRlIjozMDAwMDAwMDAwMDB9fQ==",
          "dependencies": [
            "module.vpc.aws_internet_gateway.this",
            "module.vpc.aws_vpc.this",
            "module.vpc.aws_vpc_ipv4_cidr_block_association.this"
          ]
        }
      ]
    },
    {
      "module": "module.vpc",
      "mode": "managed",
      "type": "aws_internet_gateway",
      "name": "this",
      "provider": "provider[\"registry.terraform.io/hashicorp/aws\"]",
      "instances": [
        {
          "index_key": 0,
          "schema_version": 0,
          "attributes": {
            "arn": "arn:aws:ec2:ap-northeast-1:381492111475:internet-gateway/igw-01fbb77cf19a901b1",
            "id": "igw-01fbb77cf19a901b1",
            "owner_id": "381492111475",
            "tags": {
              "Name": "example",
              "Terraform": "true"
            },
            "tags_all": {
              "Name": "example",
              "Terraform": "true"
            },
            "timeouts": null,
            "vpc_id": "vpc-0575af7c272ca3a71"
          },
          "sensitive_attributes": [],
          "private": "eyJlMmJmYjczMC1lY2FhLTExZTYtOGY4OC0zNDM2M2JjN2M0YzAiOnsiY3JlYXRlIjoxMjAwMDAwMDAwMDAwLCJkZWxldGUiOjEyMDAwMDAwMDAwMDAsInVwZGF0ZSI6MTIwMDAwMDAwMDAwMH19",
          "dependencies": [
            "module.vpc.aws_vpc.this",
            "module.vpc.aws_vpc_ipv4_cidr_block_association.this"
          ]
        }
      ]
    },
    {
      "module": "module.vpc",
      "mode": "managed",
      "type": "aws_nat_gateway",
      "name": "this",
      "provider": "provider[\"registry.terraform.io/hashicorp/aws\"]",
      "instances": [
        {
          "index_key": 0,
          "schema_version": 0,
          "attributes": {
            "allocation_id": "eipalloc-01a604ddc3aca9b73",
            "association_id": "eipassoc-0e607b42687462859",
            "connectivity_type": "public",
            "id": "nat-0f1e9bd72d5f90d9c",
            "network_interface_id": "eni-09d570ad4fd507e40",
            "private_ip": "10.30.101.233",
            "public_ip": "18.176.187.26",
            "secondary_allocation_ids": null,
            "secondary_private_ip_address_count": 0,
            "secondary_private_ip_addresses": [],
            "subnet_id": "subnet-079986f963b0018cc",
            "tags": {
              "Name": "example-ap-northeast-1a",
              "Terraform": "true"
            },
            "tags_all": {
              "Name": "example-ap-northeast-1a",
              "Terraform": "true"
            },
            "timeouts": null
          },
          "sensitive_attributes": [],
          "private": "eyJlMmJmYjczMC1lY2FhLTExZTYtOGY4OC0zNDM2M2JjN2M0YzAiOnsiY3JlYXRlIjo2MDAwMDAwMDAwMDAsImRlbGV0ZSI6MTgwMDAwMDAwMDAwMCwidXBkYXRlIjo2MDAwMDAwMDAwMDB9fQ==",
          "dependencies": [
            "module.vpc.aws_eip.nat",
            "module.vpc.aws_internet_gateway.this",
            "module.vpc.aws_subnet.public",
            "module.vpc.aws_vpc.this",
            "module.vpc.aws_vpc_ipv4_cidr_block_association.this"
          ]
        },
        {
          "index_key": 1,
          "schema_version": 0,
          "attributes": {
            "allocation_id": "eipalloc-0cc13e61b0a1a9162",
            "association_id": "eipassoc-067e5dbc0dee5def6",
            "connectivity_type": "public",
            "id": "nat-0e08b96e8fb1f1904",
            "network_interface_id": "eni-0cd8925be86d46111",
            "private_ip": "10.30.102.190",
            "public_ip": "57.181.16.124",
            "secondary_allocation_ids": null,
            "secondary_private_ip_address_count": 0,
            "secondary_private_ip_addresses": [],
            "subnet_id": "subnet-0d782ddc88fa127c5",
            "tags": {
              "Name": "example-ap-northeast-1c",
              "Terraform": "true"
            },
            "tags_all": {
              "Name": "example-ap-northeast-1c",
              "Terraform": "true"
            },
            "timeouts": null
          },
          "sensitive_attributes": [],
          "private": "eyJlMmJmYjczMC1lY2FhLTExZTYtOGY4OC0zNDM2M2JjN2M0YzAiOnsiY3JlYXRlIjo2MDAwMDAwMDAwMDAsImRlbGV0ZSI6MTgwMDAwMDAwMDAwMCwidXBkYXRlIjo2MDAwMDAwMDAwMDB9fQ==",
          "dependencies": [
            "module.vpc.aws_eip.nat",
            "module.vpc.aws_internet_gateway.this",
            "module.vpc.aws_subnet.public",
            "module.vpc.aws_vpc.this",
            "module.vpc.aws_vpc_ipv4_cidr_block_association.this"
          ]
        }
      ]
    },
    {
      "module": "module.vpc",
      "mode": "managed",
      "type": "aws_route",
      "name": "private_nat_gateway",
      "provider": "provider[\"registry.terraform.io/hashicorp/aws\"]",
      "instances": [
        {
          "index_key": 0,
          "schema_version": 0,
          "attributes": {
            "carrier_gateway_id": "",
            "core_network_arn": "",
            "destination_cidr_block": "0.0.0.0/0",
            "destination_ipv6_cidr_block": "",
            "destination_prefix_list_id": "",
            "egress_only_gateway_id": "",
            "gateway_id": "",
            "id": "r-rtb-052d60868248c77ed1080289494",
            "instance_id": "",
            "instance_owner_id": "",
            "local_gateway_id": "",
            "nat_gateway_id": "nat-0f1e9bd72d5f90d9c",
            "network_interface_id": "",
            "origin": "CreateRoute",
            "route_table_id": "rtb-052d60868248c77ed",
            "state": "active",
            "timeouts": {
              "create": "5m",
              "delete": null,
              "update": null
            },
            "transit_gateway_id": "",
            "vpc_endpoint_id": "",
            "vpc_peering_connection_id": ""
          },
          "sensitive_attributes": [],
          "private": "eyJlMmJmYjczMC1lY2FhLTExZTYtOGY4OC0zNDM2M2JjN2M0YzAiOnsiY3JlYXRlIjozMDAwMDAwMDAwMDAsImRlbGV0ZSI6MzAwMDAwMDAwMDAwLCJ1cGRhdGUiOjEyMDAwMDAwMDAwMH19",
          "dependencies": [
            "module.vpc.aws_eip.nat",
            "module.vpc.aws_internet_gateway.this",
            "module.vpc.aws_nat_gateway.this",
            "module.vpc.aws_route_table.private",
            "module.vpc.aws_subnet.public",
            "module.vpc.aws_vpc.this",
            "module.vpc.aws_vpc_ipv4_cidr_block_association.this"
          ]
        },
        {
          "index_key": 1,
          "schema_version": 0,
          "attributes": {
            "carrier_gateway_id": "",
            "core_network_arn": "",
            "destination_cidr_block": "0.0.0.0/0",
            "destination_ipv6_cidr_block": "",
            "destination_prefix_list_id": "",
            "egress_only_gateway_id": "",
            "gateway_id": "",
            "id": "r-rtb-004b20c1ea2785ec61080289494",
            "instance_id": "",
            "instance_owner_id": "",
            "local_gateway_id": "",
            "nat_gateway_id": "nat-0e08b96e8fb1f1904",
            "network_interface_id": "",
            "origin": "CreateRoute",
            "route_table_id": "rtb-004b20c1ea2785ec6",
            "state": "active",
            "timeouts": {
              "create": "5m",
              "delete": null,
              "update": null
            },
            "transit_gateway_id": "",
            "vpc_endpoint_id": "",
            "vpc_peering_connection_id": ""
          },
          "sensitive_attributes": [],
          "private": "eyJlMmJmYjczMC1lY2FhLTExZTYtOGY4OC0zNDM2M2JjN2M0YzAiOnsiY3JlYXRlIjozMDAwMDAwMDAwMDAsImRlbGV0ZSI6MzAwMDAwMDAwMDAwLCJ1cGRhdGUiOjEyMDAwMDAwMDAwMH19",
          "dependencies": [
            "module.vpc.aws_eip.nat",
            "module.vpc.aws_internet_gateway.this",
            "module.vpc.aws_nat_gateway.this",
            "module.vpc.aws_route_table.private",
            "module.vpc.aws_subnet.public",
            "module.vpc.aws_vpc.this",
            "module.vpc.aws_vpc_ipv4_cidr_block_association.this"
          ]
        }
      ]
    },
    {
      "module": "module.vpc",
      "mode": "managed",
      "type": "aws_route",
      "name": "public_internet_gateway",
      "provider": "provider[\"registry.terraform.io/hashicorp/aws\"]",
      "instances": [
        {
          "index_key": 0,
          "schema_version": 0,
          "attributes": {
            "carrier_gateway_id": "",
            "core_network_arn": "",
            "destination_cidr_block": "0.0.0.0/0",
            "destination_ipv6_cidr_block": "",
            "destination_prefix_list_id": "",
            "egress_only_gateway_id": "",
            "gateway_id": "igw-01fbb77cf19a901b1",
            "id": "r-rtb-0f2f06d54a26fa17f1080289494",
            "instance_id": "",
            "instance_owner_id": "",
            "local_gateway_id": "",
            "nat_gateway_id": "",
            "network_interface_id": "",
            "origin": "CreateRoute",
            "route_table_id": "rtb-0f2f06d54a26fa17f",
            "state": "active",
            "timeouts": {
              "create": "5m",
              "delete": null,
              "update": null
            },
            "transit_gateway_id": "",
            "vpc_endpoint_id": "",
            "vpc_peering_connection_id": ""
          },
          "sensitive_attributes": [],
          "private": "eyJlMmJmYjczMC1lY2FhLTExZTYtOGY4OC0zNDM2M2JjN2M0YzAiOnsiY3JlYXRlIjozMDAwMDAwMDAwMDAsImRlbGV0ZSI6MzAwMDAwMDAwMDAwLCJ1cGRhdGUiOjEyMDAwMDAwMDAwMH19",
          "dependencies": [
            "module.vpc.aws_internet_gateway.this",
            "module.vpc.aws_route_table.public",
            "module.vpc.aws_vpc.this",
            "module.vpc.aws_vpc_ipv4_cidr_block_association.this"
          ]
        }
      ]
    },
    {
      "module": "module.vpc",
      "mode": "managed",
      "type": "aws_route_table",
      "name": "private",
      "provider": "provider[\"registry.terraform.io/hashicorp/aws\"]",
      "instances": [
        {
          "index_key": 0,
          "schema_version": 0,
          "attributes": {
            "arn": "arn:aws:ec2:ap-northeast-1:381492111475:route-table/rtb-052d60868248c77ed",
            "id": "rtb-052d60868248c77ed",
            "owner_id": "381492111475",
            "propagating_vgws": [],
            "route": [],
            "tags": {
              "Name": "example-private-ap-northeast-1a",
              "Terraform": "true"
            },
            "tags_all": {
              "Name": "example-private-ap-northeast-1a",
              "Terraform": "true"
            },
            "timeouts": null,
            "vpc_id": "vpc-0575af7c272ca3a71"
          },
          "sensitive_attributes": [],
          "private": "eyJlMmJmYjczMC1lY2FhLTExZTYtOGY4OC0zNDM2M2JjN2M0YzAiOnsiY3JlYXRlIjozMDAwMDAwMDAwMDAsImRlbGV0ZSI6MzAwMDAwMDAwMDAwLCJ1cGRhdGUiOjEyMDAwMDAwMDAwMH19",
          "dependencies": [
            "module.vpc.aws_vpc.this",
            "module.vpc.aws_vpc_ipv4_cidr_block_association.this"
          ]
        },
        {
          "index_key": 1,
          "schema_version": 0,
          "attributes": {
            "arn": "arn:aws:ec2:ap-northeast-1:381492111475:route-table/rtb-004b20c1ea2785ec6",
            "id": "rtb-004b20c1ea2785ec6",
            "owner_id": "381492111475",
            "propagating_vgws": [],
            "route": [],
            "tags": {
              "Name": "example-private-ap-northeast-1c",
              "Terraform": "true"
            },
            "tags_all": {
              "Name": "example-private-ap-northeast-1c",
              "Terraform": "true"
            },
            "timeouts": null,
            "vpc_id": "vpc-0575af7c272ca3a71"
          },
          "sensitive_attributes": [],
          "private": "eyJlMmJmYjczMC1lY2FhLTExZTYtOGY4OC0zNDM2M2JjN2M0YzAiOnsiY3JlYXRlIjozMDAwMDAwMDAwMDAsImRlbGV0ZSI6MzAwMDAwMDAwMDAwLCJ1cGRhdGUiOjEyMDAwMDAwMDAwMH19",
          "dependencies": [
            "module.vpc.aws_vpc.this",
            "module.vpc.aws_vpc_ipv4_cidr_block_association.this"
          ]
        }
      ]
    },
    {
      "module": "module.vpc",
      "mode": "managed",
      "type": "aws_route_table",
      "name": "public",
      "provider": "provider[\"registry.terraform.io/hashicorp/aws\"]",
      "instances": [
        {
          "index_key": 0,
          "schema_version": 0,
          "attributes": {
            "arn": "arn:aws:ec2:ap-northeast-1:381492111475:route-table/rtb-0f2f06d54a26fa17f",
            "id": "rtb-0f2f06d54a26fa17f",
            "owner_id": "381492111475",
            "propagating_vgws": [],
            "route": [],
            "tags": {
              "Name": "example-public",
              "Terraform": "true"
            },
            "tags_all": {
              "Name": "example-public",
              "Terraform": "true"
            },
            "timeouts": null,
            "vpc_id": "vpc-0575af7c272ca3a71"
          },
          "sensitive_attributes": [],
          "private": "eyJlMmJmYjczMC1lY2FhLTExZTYtOGY4OC0zNDM2M2JjN2M0YzAiOnsiY3JlYXRlIjozMDAwMDAwMDAwMDAsImRlbGV0ZSI6MzAwMDAwMDAwMDAwLCJ1cGRhdGUiOjEyMDAwMDAwMDAwMH19",
          "dependencies": [
            "module.vpc.aws_vpc.this",
            "module.vpc.aws_vpc_ipv4_cidr_block_association.this"
          ]
        }
      ]
    },
    {
      "module": "module.vpc",
      "mode": "managed",
      "type": "aws_route_table_association",
      "name": "private",
      "provider": "provider[\"registry.terraform.io/hashicorp/aws\"]",
      "instances": [
        {
          "index_key": 0,
          "schema_version": 0,
          "attributes": {
            "gateway_id": "",
            "id": "rtbassoc-0fa2642f5b947268e",
            "route_table_id": "rtb-052d60868248c77ed",
            "subnet_id": "subnet-0b61d693257551b7c",
            "timeouts": null
          },
          "sensitive_attributes": [],
          "private": "eyJlMmJmYjczMC1lY2FhLTExZTYtOGY4OC0zNDM2M2JjN2M0YzAiOnsiY3JlYXRlIjozMDAwMDAwMDAwMDAsImRlbGV0ZSI6MzAwMDAwMDAwMDAwLCJ1cGRhdGUiOjEyMDAwMDAwMDAwMH19",
          "dependencies": [
            "module.vpc.aws_route_table.private",
            "module.vpc.aws_subnet.private",
            "module.vpc.aws_vpc.this",
            "module.vpc.aws_vpc_ipv4_cidr_block_association.this"
          ]
        },
        {
          "index_key": 1,
          "schema_version": 0,
          "attributes": {
            "gateway_id": "",
            "id": "rtbassoc-0c038cc03f5bfb44f",
            "route_table_id": "rtb-004b20c1ea2785ec6",
            "subnet_id": "subnet-010929fc30cbb9eb0",
            "timeouts": null
          },
          "sensitive_attributes": [],
          "private": "eyJlMmJmYjczMC1lY2FhLTExZTYtOGY4OC0zNDM2M2JjN2M0YzAiOnsiY3JlYXRlIjozMDAwMDAwMDAwMDAsImRlbGV0ZSI6MzAwMDAwMDAwMDAwLCJ1cGRhdGUiOjEyMDAwMDAwMDAwMH19",
          "dependencies": [
            "module.vpc.aws_route_table.private",
            "module.vpc.aws_subnet.private",
            "module.vpc.aws_vpc.this",
            "module.vpc.aws_vpc_ipv4_cidr_block_association.this"
          ]
        }
      ]
    },
    {
      "module": "module.vpc",
      "mode": "managed",
      "type": "aws_route_table_association",
      "name": "public",
      "provider": "provider[\"registry.terraform.io/hashicorp/aws\"]",
      "instances": [
        {
          "index_key": 0,
          "schema_version": 0,
          "attributes": {
            "gateway_id": "",
            "id": "rtbassoc-0634e83a50eb19b56",
            "route_table_id": "rtb-0f2f06d54a26fa17f",
            "subnet_id": "subnet-079986f963b0018cc",
            "timeouts": null
          },
          "sensitive_attributes": [],
          "private": "eyJlMmJmYjczMC1lY2FhLTExZTYtOGY4OC0zNDM2M2JjN2M0YzAiOnsiY3JlYXRlIjozMDAwMDAwMDAwMDAsImRlbGV0ZSI6MzAwMDAwMDAwMDAwLCJ1cGRhdGUiOjEyMDAwMDAwMDAwMH19",
          "dependencies": [
            "module.vpc.aws_route_table.public",
            "module.vpc.aws_subnet.public",
            "module.vpc.aws_vpc.this",
            "module.vpc.aws_vpc_ipv4_cidr_block_association.this"
          ]
        },
        {
          "index_key": 1,
          "schema_version": 0,
          "attributes": {
            "gateway_id": "",
            "id": "rtbassoc-05fabd56c4cbe5d21",
            "route_table_id": "rtb-0f2f06d54a26fa17f",
            "subnet_id": "subnet-0d782ddc88fa127c5",
            "timeouts": null
          },
          "sensitive_attributes": [],
          "private": "eyJlMmJmYjczMC1lY2FhLTExZTYtOGY4OC0zNDM2M2JjN2M0YzAiOnsiY3JlYXRlIjozMDAwMDAwMDAwMDAsImRlbGV0ZSI6MzAwMDAwMDAwMDAwLCJ1cGRhdGUiOjEyMDAwMDAwMDAwMH19",
          "dependencies": [
            "module.vpc.aws_route_table.public",
            "module.vpc.aws_subnet.public",
            "module.vpc.aws_vpc.this",
            "module.vpc.aws_vpc_ipv4_cidr_block_association.this"
          ]
        }
      ]
    },
    {
      "module": "module.vpc",
      "mode": "managed",
      "type": "aws_subnet",
      "name": "private",
      "provider": "provider[\"registry.terraform.io/hashicorp/aws\"]",
      "instances": [
        {
          "index_key": 0,
          "schema_version": 1,
          "attributes": {
            "arn": "arn:aws:ec2:ap-northeast-1:381492111475:subnet/subnet-0b61d693257551b7c",
            "assign_ipv6_address_on_creation": false,
            "availability_zone": "ap-northeast-1a",
            "availability_zone_id": "apne1-az4",
            "cidr_block": "10.30.1.0/24",
            "customer_owned_ipv4_pool": "",
            "enable_dns64": false,
            "enable_lni_at_device_index": 0,
            "enable_resource_name_dns_a_record_on_launch": false,
            "enable_resource_name_dns_aaaa_record_on_launch": false,
            "id": "subnet-0b61d693257551b7c",
            "ipv6_cidr_block": "",
            "ipv6_cidr_block_association_id": "",
            "ipv6_native": false,
            "map_customer_owned_ip_on_launch": false,
            "map_public_ip_on_launch": false,
            "outpost_arn": "",
            "owner_id": "381492111475",
            "private_dns_hostname_type_on_launch": "ip-name",
            "tags": {
              "Name": "example-private-ap-northeast-1a",
              "Terraform": "true"
            },
            "tags_all": {
              "Name": "example-private-ap-northeast-1a",
              "Terraform": "true"
            },
            "timeouts": null,
            "vpc_id": "vpc-0575af7c272ca3a71"
          },
          "sensitive_attributes": [],
          "private": "eyJlMmJmYjczMC1lY2FhLTExZTYtOGY4OC0zNDM2M2JjN2M0YzAiOnsiY3JlYXRlIjo2MDAwMDAwMDAwMDAsImRlbGV0ZSI6MTIwMDAwMDAwMDAwMH0sInNjaGVtYV92ZXJzaW9uIjoiMSJ9",
          "dependencies": [
            "module.vpc.aws_vpc.this",
            "module.vpc.aws_vpc_ipv4_cidr_block_association.this"
          ]
        },
        {
          "index_key": 1,
          "schema_version": 1,
          "attributes": {
            "arn": "arn:aws:ec2:ap-northeast-1:381492111475:subnet/subnet-010929fc30cbb9eb0",
            "assign_ipv6_address_on_creation": false,
            "availability_zone": "ap-northeast-1c",
            "availability_zone_id": "apne1-az1",
            "cidr_block": "10.30.2.0/24",
            "customer_owned_ipv4_pool": "",
            "enable_dns64": false,
            "enable_lni_at_device_index": 0,
            "enable_resource_name_dns_a_record_on_launch": false,
            "enable_resource_name_dns_aaaa_record_on_launch": false,
            "id": "subnet-010929fc30cbb9eb0",
            "ipv6_cidr_block": "",
            "ipv6_cidr_block_association_id": "",
            "ipv6_native": false,
            "map_customer_owned_ip_on_launch": false,
            "map_public_ip_on_launch": false,
            "outpost_arn": "",
            "owner_id": "381492111475",
            "private_dns_hostname_type_on_launch": "ip-name",
            "tags": {
              "Name": "example-private-ap-northeast-1c",
              "Terraform": "true"
            },
            "tags_all": {
              "Name": "example-private-ap-northeast-1c",
              "Terraform": "true"
            },
            "timeouts": null,
            "vpc_id": "vpc-0575af7c272ca3a71"
          },
          "sensitive_attributes": [],
          "private": "eyJlMmJmYjczMC1lY2FhLTExZTYtOGY4OC0zNDM2M2JjN2M0YzAiOnsiY3JlYXRlIjo2MDAwMDAwMDAwMDAsImRlbGV0ZSI6MTIwMDAwMDAwMDAwMH0sInNjaGVtYV92ZXJzaW9uIjoiMSJ9",
          "dependencies": [
            "module.vpc.aws_vpc.this",
            "module.vpc.aws_vpc_ipv4_cidr_block_association.this"
          ]
        }
      ]
    },
    {
      "module": "module.vpc",
      "mode": "managed",
      "type": "aws_subnet",
      "name": "public",
      "provider": "provider[\"registry.terraform.io/hashicorp/aws\"]",
      "instances": [
        {
          "index_key": 0,
          "schema_version": 1,
          "attributes": {
            "arn": "arn:aws:ec2:ap-northeast-1:381492111475:subnet/subnet-079986f963b0018cc",
            "assign_ipv6_address_on_creation": false,
            "availability_zone": "ap-northeast-1a",
            "availability_zone_id": "apne1-az4",
            "cidr_block": "10.30.101.0/24",
            "customer_owned_ipv4_pool": "",
            "enable_dns64": false,
            "enable_lni_at_device_index": 0,
            "enable_resource_name_dns_a_record_on_launch": false,
            "enable_resource_name_dns_aaaa_record_on_launch": false,
            "id": "subnet-079986f963b0018cc",
            "ipv6_cidr_block": "",
            "ipv6_cidr_block_association_id": "",
            "ipv6_native": false,
            "map_customer_owned_ip_on_launch": false,
            "map_public_ip_on_launch": false,
            "outpost_arn": "",
            "owner_id": "381492111475",
            "private_dns_hostname_type_on_launch": "ip-name",
            "tags": {
              "Name": "example-public-ap-northeast-1a",
              "Terraform": "true"
            },
            "tags_all": {
              "Name": "example-public-ap-northeast-1a",
              "Terraform": "true"
            },
            "timeouts": null,
            "vpc_id": "vpc-0575af7c272ca3a71"
          },
          "sensitive_attributes": [],
          "private": "eyJlMmJmYjczMC1lY2FhLTExZTYtOGY4OC0zNDM2M2JjN2M0YzAiOnsiY3JlYXRlIjo2MDAwMDAwMDAwMDAsImRlbGV0ZSI6MTIwMDAwMDAwMDAwMH0sInNjaGVtYV92ZXJzaW9uIjoiMSJ9",
          "dependencies": [
            "module.vpc.aws_vpc.this",
            "module.vpc.aws_vpc_ipv4_cidr_block_association.this"
          ]
        },
        {
          "index_key": 1,
          "schema_version": 1,
          "attributes": {
            "arn": "arn:aws:ec2:ap-northeast-1:381492111475:subnet/subnet-0d782ddc88fa127c5",
            "assign_ipv6_address_on_creation": false,
            "availability_zone": "ap-northeast-1c",
            "availability_zone_id": "apne1-az1",
            "cidr_block": "10.30.102.0/24",
            "customer_owned_ipv4_pool": "",
            "enable_dns64": false,
            "enable_lni_at_device_index": 0,
            "enable_resource_name_dns_a_record_on_launch": false,
            "enable_resource_name_dns_aaaa_record_on_launch": false,
            "id": "subnet-0d782ddc88fa127c5",
            "ipv6_cidr_block": "",
            "ipv6_cidr_block_association_id": "",
            "ipv6_native": false,
            "map_customer_owned_ip_on_launch": false,
            "map_public_ip_on_launch": false,
            "outpost_arn": "",
            "owner_id": "381492111475",
            "private_dns_hostname_type_on_launch": "ip-name",
            "tags": {
              "Name": "example-public-ap-northeast-1c",
              "Terraform": "true"
            },
            "tags_all": {
              "Name": "example-public-ap-northeast-1c",
              "Terraform": "true"
            },
            "timeouts": null,
            "vpc_id": "vpc-0575af7c272ca3a71"
          },
          "sensitive_attributes": [],
          "private": "eyJlMmJmYjczMC1lY2FhLTExZTYtOGY4OC0zNDM2M2JjN2M0YzAiOnsiY3JlYXRlIjo2MDAwMDAwMDAwMDAsImRlbGV0ZSI6MTIwMDAwMDAwMDAwMH0sInNjaGVtYV92ZXJzaW9uIjoiMSJ9",
          "dependencies": [
            "module.vpc.aws_vpc.this",
            "module.vpc.aws_vpc_ipv4_cidr_block_association.this"
          ]
        }
      ]
    },
    {
      "module": "module.vpc",
      "mode": "managed",
      "type": "aws_vpc",
      "name": "this",
      "provider": "provider[\"registry.terraform.io/hashicorp/aws\"]",
      "instances": [
        {
          "index_key": 0,
          "schema_version": 1,
          "attributes": {
            "arn": "arn:aws:ec2:ap-northeast-1:381492111475:vpc/vpc-0575af7c272ca3a71",
            "assign_generated_ipv6_cidr_block": false,
            "cidr_block": "10.30.0.0/16",
            "default_network_acl_id": "acl-09af0918164b1f20d",
            "default_route_table_id": "rtb-0cbdaeff6e5aa1be1",
            "default_security_group_id": "sg-0338e3b3832ab0f07",
            "dhcp_options_id": "dopt-00b4c9ca8c250875e",
            "enable_dns_hostnames": true,
            "enable_dns_support": true,
            "enable_network_address_usage_metrics": false,
            "id": "vpc-0575af7c272ca3a71",
            "instance_tenancy": "default",
            "ipv4_ipam_pool_id": null,
            "ipv4_netmask_length": null,
            "ipv6_association_id": "",
            "ipv6_cidr_block": "",
            "ipv6_cidr_block_network_border_group": "",
            "ipv6_ipam_pool_id": "",
            "ipv6_netmask_length": 0,
            "main_route_table_id": "rtb-0cbdaeff6e5aa1be1",
            "owner_id": "381492111475",
            "tags": {
              "Name": "example",
              "Terraform": "true"
            },
            "tags_all": {
              "Name": "example",
              "Terraform": "true"
            }
          },
          "sensitive_attributes": [],
          "private": "eyJzY2hlbWFfdmVyc2lvbiI6IjEifQ=="
        }
      ]
    }
  ],
  "check_results": null
}
